// !$*UTF8*$!
{
	archiveVersion = 1;
	classes = {
	};
	objectVersion = 56;
	objects = {

/* Begin PBXBuildFile section */
		5DEFD724BB4D2F2F6DA5161A /* Pods_Signup_Sheetz_Signup_SheetzUITests.framework in Frameworks */ = {isa = PBXBuildFile; fileRef = 054BBF53D34C3EAA7D0E6579 /* Pods_Signup_Sheetz_Signup_SheetzUITests.framework */; };
		641FCA5C2990F2E8CCE65022 /* Pods_Signup_SheetzTests.framework in Frameworks */ = {isa = PBXBuildFile; fileRef = 6B8660F0B7E34BFAA598AF01 /* Pods_Signup_SheetzTests.framework */; };
		8A99DA4EDA1B82E9F612668D /* Pods_Signup_Sheetz.framework in Frameworks */ = {isa = PBXBuildFile; fileRef = D6EA1BA90EBA475B107FE8E3 /* Pods_Signup_Sheetz.framework */; };
		C709A1072D5B52B000B04AB8 /* ForgotPasswordViewModel.swift in Sources */ = {isa = PBXBuildFile; fileRef = C709A1062D5B52B000B04AB8 /* ForgotPasswordViewModel.swift */; };
		C709A1092D5B52BB00B04AB8 /* ForgotPasswordModel.swift in Sources */ = {isa = PBXBuildFile; fileRef = C709A1082D5B52BB00B04AB8 /* ForgotPasswordModel.swift */; };
		C709A10B2D5B52CB00B04AB8 /* ForgotPasswordDataservice.swift in Sources */ = {isa = PBXBuildFile; fileRef = C709A10A2D5B52CB00B04AB8 /* ForgotPasswordDataservice.swift */; };
		C709A10D2D5B531800B04AB8 /* ForgotPasswordViewController.swift in Sources */ = {isa = PBXBuildFile; fileRef = C709A10C2D5B531800B04AB8 /* ForgotPasswordViewController.swift */; };
		C709A1112D5B7D9E00B04AB8 /* VerifyOTPDataservice.swift in Sources */ = {isa = PBXBuildFile; fileRef = C709A1102D5B7D9E00B04AB8 /* VerifyOTPDataservice.swift */; };
		C709A1132D5B7DA600B04AB8 /* VerifyOTPModel.swift in Sources */ = {isa = PBXBuildFile; fileRef = C709A1122D5B7DA600B04AB8 /* VerifyOTPModel.swift */; };
		C709A1152D5B7DAE00B04AB8 /* VerifyOTPViewModel.swift in Sources */ = {isa = PBXBuildFile; fileRef = C709A1142D5B7DAE00B04AB8 /* VerifyOTPViewModel.swift */; };
		C709A1172D5B7DD500B04AB8 /* ResetPasswordModel.swift in Sources */ = {isa = PBXBuildFile; fileRef = C709A1162D5B7DD500B04AB8 /* ResetPasswordModel.swift */; };
		C709A1192D5B7DE100B04AB8 /* ResetPasswordViewModel.swift in Sources */ = {isa = PBXBuildFile; fileRef = C709A1182D5B7DE100B04AB8 /* ResetPasswordViewModel.swift */; };
		C709A11B2D5B7DEA00B04AB8 /* ResetPasswordDataservice.swift in Sources */ = {isa = PBXBuildFile; fileRef = C709A11A2D5B7DEA00B04AB8 /* ResetPasswordDataservice.swift */; };
		C709A11D2D5B7E0100B04AB8 /* VerifyOTPViewController.swift in Sources */ = {isa = PBXBuildFile; fileRef = C709A11C2D5B7E0100B04AB8 /* VerifyOTPViewController.swift */; };
		C709A11F2D5B7E0E00B04AB8 /* ResetPasswordViewController.swift in Sources */ = {isa = PBXBuildFile; fileRef = C709A11E2D5B7E0E00B04AB8 /* ResetPasswordViewController.swift */; };
		C71848182D548DBF008F530D /* CustomNavigationBar.xib in Resources */ = {isa = PBXBuildFile; fileRef = C71848162D548DBF008F530D /* CustomNavigationBar.xib */; };
		C71848192D548DBF008F530D /* CustomNavigationBar.swift in Sources */ = {isa = PBXBuildFile; fileRef = C71848152D548DBF008F530D /* CustomNavigationBar.swift */; };
		C73A369E2D475CC300A622DA /* CustomTextFieldView.swift in Sources */ = {isa = PBXBuildFile; fileRef = C73A369D2D475CC300A622DA /* CustomTextFieldView.swift */; };
		C73A36A02D475CFA00A622DA /* CustomTextFieldView.xib in Resources */ = {isa = PBXBuildFile; fileRef = C73A369F2D475CFA00A622DA /* CustomTextFieldView.xib */; };
		C73A36A22D47665700A622DA /* FontManager.swift in Sources */ = {isa = PBXBuildFile; fileRef = C73A36A12D47665700A622DA /* FontManager.swift */; };
		C73A36A52D4769D800A622DA /* UIImage.swift in Sources */ = {isa = PBXBuildFile; fileRef = C73A36A42D4769D200A622DA /* UIImage.swift */; };
		C73BF0822D509E4200E08318 /* SideMenu in Frameworks */ = {isa = PBXBuildFile; productRef = C73BF0812D509E4200E08318 /* SideMenu */; };
		C73BF0852D50A71D00E08318 /* MenuViewController.swift in Sources */ = {isa = PBXBuildFile; fileRef = C73BF0842D50A71D00E08318 /* MenuViewController.swift */; };
		C73BF0872D50C54900E08318 /* UIColorExtension.swift in Sources */ = {isa = PBXBuildFile; fileRef = C73BF0862D50C54900E08318 /* UIColorExtension.swift */; };
		C73BF08D2D50D7B400E08318 /* CategoryCollectionViewCell.xib in Resources */ = {isa = PBXBuildFile; fileRef = C73BF08C2D50D7B400E08318 /* CategoryCollectionViewCell.xib */; };
		C73BF08E2D50D7B400E08318 /* CategoryCollectionViewCell.swift in Sources */ = {isa = PBXBuildFile; fileRef = C73BF08B2D50D7B400E08318 /* CategoryCollectionViewCell.swift */; };
		C75641702D50FB6900B560E2 /* MyEventTableViewCell.swift in Sources */ = {isa = PBXBuildFile; fileRef = C756416E2D50FB6900B560E2 /* MyEventTableViewCell.swift */; };
		C75641712D50FB6900B560E2 /* MyEventTableViewCell.xib in Resources */ = {isa = PBXBuildFile; fileRef = C756416F2D50FB6900B560E2 /* MyEventTableViewCell.xib */; };
		C75979552D48A35000D015A4 /* RegisterViewController.swift in Sources */ = {isa = PBXBuildFile; fileRef = C75979542D48A35000D015A4 /* RegisterViewController.swift */; };
		C764D0472D4CDE9A0085A3F8 /* ExampleIrregularityContentView.swift in Sources */ = {isa = PBXBuildFile; fileRef = C764D0462D4CDE9A0085A3F8 /* ExampleIrregularityContentView.swift */; };
		C764D0492D4CDEE10085A3F8 /* ExampleBasicContentView.swift in Sources */ = {isa = PBXBuildFile; fileRef = C764D0482D4CDEE10085A3F8 /* ExampleBasicContentView.swift */; };
		C764D04B2D4CDFE00085A3F8 /* ExampleBouncesContentView.swift in Sources */ = {isa = PBXBuildFile; fileRef = C764D04A2D4CDFE00085A3F8 /* ExampleBouncesContentView.swift */; };
		C764D04F2D4CFE010085A3F8 /* MyEventViewController.swift in Sources */ = {isa = PBXBuildFile; fileRef = C764D04E2D4CFE010085A3F8 /* MyEventViewController.swift */; };
		C764D0512D4CFE110085A3F8 /* ProfileViewController.swift in Sources */ = {isa = PBXBuildFile; fileRef = C764D0502D4CFE110085A3F8 /* ProfileViewController.swift */; };
		C764D0542D4CFE450085A3F8 /* CreateEventViewController.swift in Sources */ = {isa = PBXBuildFile; fileRef = C764D0532D4CFE450085A3F8 /* CreateEventViewController.swift */; };
		C77091DF2D5DBA86002E9994 /* UIImageViewExtension.swift in Sources */ = {isa = PBXBuildFile; fileRef = C77091DE2D5DBA86002E9994 /* UIImageViewExtension.swift */; };
		C77091EA2D5DCB68002E9994 /* BackgroundView.swift in Sources */ = {isa = PBXBuildFile; fileRef = C77091E72D5DCB68002E9994 /* BackgroundView.swift */; };
		C77091EB2D5DCB68002E9994 /* BackgroundView.xib in Resources */ = {isa = PBXBuildFile; fileRef = C77091E82D5DCB68002E9994 /* BackgroundView.xib */; };
		C77091EE2D5DDBAE002E9994 /* EventDetailModel.swift in Sources */ = {isa = PBXBuildFile; fileRef = C77091ED2D5DDBAE002E9994 /* EventDetailModel.swift */; };
		C77091F02D5DDBB8002E9994 /* EventDetailViewModel.swift in Sources */ = {isa = PBXBuildFile; fileRef = C77091EF2D5DDBB8002E9994 /* EventDetailViewModel.swift */; };
		C77091F22D5DDBCF002E9994 /* EventDetailDataservice.swift in Sources */ = {isa = PBXBuildFile; fileRef = C77091F12D5DDBCF002E9994 /* EventDetailDataservice.swift */; };
		C77091F42D5DDBDA002E9994 /* EventDetailViewController.swift in Sources */ = {isa = PBXBuildFile; fileRef = C77091F32D5DDBDA002E9994 /* EventDetailViewController.swift */; };
		C77091F62D5E0B11002E9994 /* ProfileViewModel.swift in Sources */ = {isa = PBXBuildFile; fileRef = C77091F52D5E0B11002E9994 /* ProfileViewModel.swift */; };
		C77091F82D5E0E0B002E9994 /* ProfileModel.swift in Sources */ = {isa = PBXBuildFile; fileRef = C77091F72D5E0E0B002E9994 /* ProfileModel.swift */; };
		C77091FC2D5E100D002E9994 /* ProfileDetailTableViewCell.xib in Resources */ = {isa = PBXBuildFile; fileRef = C77091FB2D5E100D002E9994 /* ProfileDetailTableViewCell.xib */; };
		C77091FD2D5E100D002E9994 /* ProfileDetailTableViewCell.swift in Sources */ = {isa = PBXBuildFile; fileRef = C77091FA2D5E100D002E9994 /* ProfileDetailTableViewCell.swift */; };
		C77092002D5E1631002E9994 /* LogoutTableViewCell.xib in Resources */ = {isa = PBXBuildFile; fileRef = C77091FF2D5E1631002E9994 /* LogoutTableViewCell.xib */; };
		C77092012D5E1631002E9994 /* LogoutTableViewCell.swift in Sources */ = {isa = PBXBuildFile; fileRef = C77091FE2D5E1631002E9994 /* LogoutTableViewCell.swift */; };
		C77092032D5E1792002E9994 /* ProfileDataservice.swift in Sources */ = {isa = PBXBuildFile; fileRef = C77092022D5E1792002E9994 /* ProfileDataservice.swift */; };
		C79E72F22D5CCA0E00A59020 /* HomeViewModel.swift in Sources */ = {isa = PBXBuildFile; fileRef = C79E72F12D5CCA0E00A59020 /* HomeViewModel.swift */; };
		C79E72F42D5CCA1700A59020 /* HomeDataservice.swift in Sources */ = {isa = PBXBuildFile; fileRef = C79E72F32D5CCA1700A59020 /* HomeDataservice.swift */; };
		C79E72F62D5CCA2100A59020 /* HomeModel.swift in Sources */ = {isa = PBXBuildFile; fileRef = C79E72F52D5CCA2100A59020 /* HomeModel.swift */; };
		C7A58E962D4A15ED0008511C /* RegisterModel.swift in Sources */ = {isa = PBXBuildFile; fileRef = C7A58E952D4A15ED0008511C /* RegisterModel.swift */; };
		C7A58E982D4A15FD0008511C /* RegisterViewModel.swift in Sources */ = {isa = PBXBuildFile; fileRef = C7A58E972D4A15FD0008511C /* RegisterViewModel.swift */; };
		C7AEDB5E2D5F487D0084059F /* EditProfileModel.swift in Sources */ = {isa = PBXBuildFile; fileRef = C7AEDB5D2D5F487D0084059F /* EditProfileModel.swift */; };
		C7AEDB602D5F48870084059F /* EditProfileViewModel.swift in Sources */ = {isa = PBXBuildFile; fileRef = C7AEDB5F2D5F48870084059F /* EditProfileViewModel.swift */; };
		C7AEDB622D5F48930084059F /* EditProfileDataservice.swift in Sources */ = {isa = PBXBuildFile; fileRef = C7AEDB612D5F48930084059F /* EditProfileDataservice.swift */; };
		C7AEDB642D5F48CB0084059F /* EditProfileViewController.swift in Sources */ = {isa = PBXBuildFile; fileRef = C7AEDB632D5F48CB0084059F /* EditProfileViewController.swift */; };
		C7AEDB672D5F56040084059F /* ChangePasswordViewController.swift in Sources */ = {isa = PBXBuildFile; fileRef = C7AEDB662D5F56040084059F /* ChangePasswordViewController.swift */; };
		C7AEDB692D5F5A650084059F /* ChangePasswordModel.swift in Sources */ = {isa = PBXBuildFile; fileRef = C7AEDB682D5F5A650084059F /* ChangePasswordModel.swift */; };
		C7AEDB6B2D5F5A6F0084059F /* ChangePasswordViewModel.swift in Sources */ = {isa = PBXBuildFile; fileRef = C7AEDB6A2D5F5A6F0084059F /* ChangePasswordViewModel.swift */; };
		C7AEDB6D2D5F5A780084059F /* ChangePasswordDataservice.swift in Sources */ = {isa = PBXBuildFile; fileRef = C7AEDB6C2D5F5A780084059F /* ChangePasswordDataservice.swift */; };
		C7CEC1892D4218A500EFECFB /* AppDelegate.swift in Sources */ = {isa = PBXBuildFile; fileRef = C7CEC1882D4218A500EFECFB /* AppDelegate.swift */; };
		C7CEC18B2D4218A500EFECFB /* SceneDelegate.swift in Sources */ = {isa = PBXBuildFile; fileRef = C7CEC18A2D4218A500EFECFB /* SceneDelegate.swift */; };
		C7CEC18D2D4218A500EFECFB /* LoginViewController.swift in Sources */ = {isa = PBXBuildFile; fileRef = C7CEC18C2D4218A500EFECFB /* LoginViewController.swift */; };
		C7CEC1902D4218A500EFECFB /* Base in Resources */ = {isa = PBXBuildFile; fileRef = C7CEC18F2D4218A500EFECFB /* Base */; };
		C7CEC1922D4218A700EFECFB /* Assets.xcassets in Resources */ = {isa = PBXBuildFile; fileRef = C7CEC1912D4218A700EFECFB /* Assets.xcassets */; };
		C7CEC1952D4218A700EFECFB /* Base in Resources */ = {isa = PBXBuildFile; fileRef = C7CEC1942D4218A700EFECFB /* Base */; };
		C7CEC1A02D4218A700EFECFB /* Signup_SheetzTests.swift in Sources */ = {isa = PBXBuildFile; fileRef = C7CEC19F2D4218A700EFECFB /* Signup_SheetzTests.swift */; };
		C7CEC1AA2D4218A700EFECFB /* Signup_SheetzUITests.swift in Sources */ = {isa = PBXBuildFile; fileRef = C7CEC1A92D4218A700EFECFB /* Signup_SheetzUITests.swift */; };
		C7CEC1AC2D4218A700EFECFB /* Signup_SheetzUITestsLaunchTests.swift in Sources */ = {isa = PBXBuildFile; fileRef = C7CEC1AB2D4218A700EFECFB /* Signup_SheetzUITestsLaunchTests.swift */; };
		C7CEC1C02D421A0E00EFECFB /* NetworkingManager.swift in Sources */ = {isa = PBXBuildFile; fileRef = C7CEC1BE2D421A0E00EFECFB /* NetworkingManager.swift */; };
		C7CEC1C12D421A0E00EFECFB /* EndPoint.swift in Sources */ = {isa = PBXBuildFile; fileRef = C7CEC1BF2D421A0E00EFECFB /* EndPoint.swift */; };
		C7CEC1C32D421A7A00EFECFB /* Constants.swift in Sources */ = {isa = PBXBuildFile; fileRef = C7CEC1C22D421A7A00EFECFB /* Constants.swift */; };
		C7CEC1C52D421B4100EFECFB /* LocalTexts.swift in Sources */ = {isa = PBXBuildFile; fileRef = C7CEC1C42D421B4100EFECFB /* LocalTexts.swift */; };
		C7D74BB22D4B3C4D004FA82C /* LoginModel.swift in Sources */ = {isa = PBXBuildFile; fileRef = C7D74BB12D4B3C4D004FA82C /* LoginModel.swift */; };
		C7D74BB42D4B3C6D004FA82C /* LoginViewModel.swift in Sources */ = {isa = PBXBuildFile; fileRef = C7D74BB32D4B3C6D004FA82C /* LoginViewModel.swift */; };
		C7D74BB62D4B3C96004FA82C /* LoginDataservice.swift in Sources */ = {isa = PBXBuildFile; fileRef = C7D74BB52D4B3C96004FA82C /* LoginDataservice.swift */; };
		C7D74BB82D4B45FE004FA82C /* UserDefaultsHelper.swift in Sources */ = {isa = PBXBuildFile; fileRef = C7D74BB72D4B45FE004FA82C /* UserDefaultsHelper.swift */; };
		C7D74BBC2D4B46B3004FA82C /* Keys.swift in Sources */ = {isa = PBXBuildFile; fileRef = C7D74BBB2D4B46B3004FA82C /* Keys.swift */; };
		C7D74BC02D4B4C5C004FA82C /* ViewControllerExtension.swift in Sources */ = {isa = PBXBuildFile; fileRef = C7D74BBF2D4B4C5C004FA82C /* ViewControllerExtension.swift */; };
		C7D74BC32D4BB276004FA82C /* ESTabBarController in Frameworks */ = {isa = PBXBuildFile; productRef = C7D74BC22D4BB276004FA82C /* ESTabBarController */; };
		C7D74BC62D4BB33E004FA82C /* CustomTabBarController.swift in Sources */ = {isa = PBXBuildFile; fileRef = C7D74BC52D4BB33E004FA82C /* CustomTabBarController.swift */; };
		C7D74BC92D4BB38F004FA82C /* HomeViewController.swift in Sources */ = {isa = PBXBuildFile; fileRef = C7D74BC82D4BB38F004FA82C /* HomeViewController.swift */; };
		C7D74BCC2D4BB3E6004FA82C /* MyInvitationsViewController.swift in Sources */ = {isa = PBXBuildFile; fileRef = C7D74BCB2D4BB3E6004FA82C /* MyInvitationsViewController.swift */; };
		C7D756A92D475741008343A9 /* AirbnbCereal_W_Blk.otf in Resources */ = {isa = PBXBuildFile; fileRef = C7D756A42D475741008343A9 /* AirbnbCereal_W_Blk.otf */; };
		C7D756AA2D475741008343A9 /* AirbnbCereal_W_Md.otf in Resources */ = {isa = PBXBuildFile; fileRef = C7D756A62D475741008343A9 /* AirbnbCereal_W_Md.otf */; };
		C7D756AB2D475741008343A9 /* AirbnbCereal_W_XBd.otf in Resources */ = {isa = PBXBuildFile; fileRef = C7D756A72D475741008343A9 /* AirbnbCereal_W_XBd.otf */; };
		C7D756AC2D475741008343A9 /* AirbnbCereal_W_Lt.otf in Resources */ = {isa = PBXBuildFile; fileRef = C7D756A52D475741008343A9 /* AirbnbCereal_W_Lt.otf */; };
		C7D756AD2D475741008343A9 /* AirbnbCereal_W_Bk.otf in Resources */ = {isa = PBXBuildFile; fileRef = C7D756A32D475741008343A9 /* AirbnbCereal_W_Bk.otf */; };
		C7D756AE2D475741008343A9 /* AirbnbCereal_W_Bd.otf in Resources */ = {isa = PBXBuildFile; fileRef = C7D756A22D475741008343A9 /* AirbnbCereal_W_Bd.otf */; };
		C7F830032D4A2B71008EB7D2 /* RegisterDataservice.swift in Sources */ = {isa = PBXBuildFile; fileRef = C7F830022D4A2B71008EB7D2 /* RegisterDataservice.swift */; };
		C7F830052D4A3137008EB7D2 /* ValidationEnum.swift in Sources */ = {isa = PBXBuildFile; fileRef = C7F830042D4A3137008EB7D2 /* ValidationEnum.swift */; };
		C7F830072D4A3172008EB7D2 /* StringExtension.swift in Sources */ = {isa = PBXBuildFile; fileRef = C7F830062D4A3172008EB7D2 /* StringExtension.swift */; };
		C7F830092D4A33C8008EB7D2 /* Spinner.swift in Sources */ = {isa = PBXBuildFile; fileRef = C7F830082D4A33C8008EB7D2 /* Spinner.swift */; };
		C7F8300B2D4A3852008EB7D2 /* Protocols.swift in Sources */ = {isa = PBXBuildFile; fileRef = C7F8300A2D4A3852008EB7D2 /* Protocols.swift */; };
/* End PBXBuildFile section */

/* Begin PBXContainerItemProxy section */
		C7CEC19C2D4218A700EFECFB /* PBXContainerItemProxy */ = {
			isa = PBXContainerItemProxy;
			containerPortal = C7CEC17D2D4218A500EFECFB /* Project object */;
			proxyType = 1;
			remoteGlobalIDString = C7CEC1842D4218A500EFECFB;
			remoteInfo = "Signup Sheetz";
		};
		C7CEC1A62D4218A700EFECFB /* PBXContainerItemProxy */ = {
			isa = PBXContainerItemProxy;
			containerPortal = C7CEC17D2D4218A500EFECFB /* Project object */;
			proxyType = 1;
			remoteGlobalIDString = C7CEC1842D4218A500EFECFB;
			remoteInfo = "Signup Sheetz";
		};
/* End PBXContainerItemProxy section */

/* Begin PBXFileReference section */
		054BBF53D34C3EAA7D0E6579 /* Pods_Signup_Sheetz_Signup_SheetzUITests.framework */ = {isa = PBXFileReference; explicitFileType = wrapper.framework; includeInIndex = 0; path = Pods_Signup_Sheetz_Signup_SheetzUITests.framework; sourceTree = BUILT_PRODUCTS_DIR; };
		0C375B85A0411A7368F8684B /* Pods-Signup SheetzTests.release.xcconfig */ = {isa = PBXFileReference; includeInIndex = 1; lastKnownFileType = text.xcconfig; name = "Pods-Signup SheetzTests.release.xcconfig"; path = "Target Support Files/Pods-Signup SheetzTests/Pods-Signup SheetzTests.release.xcconfig"; sourceTree = "<group>"; };
		62ADEB907B455CDEC89B1289 /* Pods-Signup Sheetz-Signup SheetzUITests.debug.xcconfig */ = {isa = PBXFileReference; includeInIndex = 1; lastKnownFileType = text.xcconfig; name = "Pods-Signup Sheetz-Signup SheetzUITests.debug.xcconfig"; path = "Target Support Files/Pods-Signup Sheetz-Signup SheetzUITests/Pods-Signup Sheetz-Signup SheetzUITests.debug.xcconfig"; sourceTree = "<group>"; };
		6B8660F0B7E34BFAA598AF01 /* Pods_Signup_SheetzTests.framework */ = {isa = PBXFileReference; explicitFileType = wrapper.framework; includeInIndex = 0; path = Pods_Signup_SheetzTests.framework; sourceTree = BUILT_PRODUCTS_DIR; };
		7E1795AA610E83C1C38449D9 /* Pods-Signup Sheetz-Signup SheetzUITests.release.xcconfig */ = {isa = PBXFileReference; includeInIndex = 1; lastKnownFileType = text.xcconfig; name = "Pods-Signup Sheetz-Signup SheetzUITests.release.xcconfig"; path = "Target Support Files/Pods-Signup Sheetz-Signup SheetzUITests/Pods-Signup Sheetz-Signup SheetzUITests.release.xcconfig"; sourceTree = "<group>"; };
		7FC9770539F809ECA7ABB7C5 /* Pods-Signup Sheetz.release.xcconfig */ = {isa = PBXFileReference; includeInIndex = 1; lastKnownFileType = text.xcconfig; name = "Pods-Signup Sheetz.release.xcconfig"; path = "Target Support Files/Pods-Signup Sheetz/Pods-Signup Sheetz.release.xcconfig"; sourceTree = "<group>"; };
		C709A1062D5B52B000B04AB8 /* ForgotPasswordViewModel.swift */ = {isa = PBXFileReference; lastKnownFileType = sourcecode.swift; path = ForgotPasswordViewModel.swift; sourceTree = "<group>"; };
		C709A1082D5B52BB00B04AB8 /* ForgotPasswordModel.swift */ = {isa = PBXFileReference; lastKnownFileType = sourcecode.swift; path = ForgotPasswordModel.swift; sourceTree = "<group>"; };
		C709A10A2D5B52CB00B04AB8 /* ForgotPasswordDataservice.swift */ = {isa = PBXFileReference; lastKnownFileType = sourcecode.swift; path = ForgotPasswordDataservice.swift; sourceTree = "<group>"; };
		C709A10C2D5B531800B04AB8 /* ForgotPasswordViewController.swift */ = {isa = PBXFileReference; lastKnownFileType = sourcecode.swift; path = ForgotPasswordViewController.swift; sourceTree = "<group>"; };
		C709A1102D5B7D9E00B04AB8 /* VerifyOTPDataservice.swift */ = {isa = PBXFileReference; lastKnownFileType = sourcecode.swift; path = VerifyOTPDataservice.swift; sourceTree = "<group>"; };
		C709A1122D5B7DA600B04AB8 /* VerifyOTPModel.swift */ = {isa = PBXFileReference; lastKnownFileType = sourcecode.swift; path = VerifyOTPModel.swift; sourceTree = "<group>"; };
		C709A1142D5B7DAE00B04AB8 /* VerifyOTPViewModel.swift */ = {isa = PBXFileReference; lastKnownFileType = sourcecode.swift; path = VerifyOTPViewModel.swift; sourceTree = "<group>"; };
		C709A1162D5B7DD500B04AB8 /* ResetPasswordModel.swift */ = {isa = PBXFileReference; lastKnownFileType = sourcecode.swift; path = ResetPasswordModel.swift; sourceTree = "<group>"; };
		C709A1182D5B7DE100B04AB8 /* ResetPasswordViewModel.swift */ = {isa = PBXFileReference; lastKnownFileType = sourcecode.swift; path = ResetPasswordViewModel.swift; sourceTree = "<group>"; };
		C709A11A2D5B7DEA00B04AB8 /* ResetPasswordDataservice.swift */ = {isa = PBXFileReference; lastKnownFileType = sourcecode.swift; path = ResetPasswordDataservice.swift; sourceTree = "<group>"; };
		C709A11C2D5B7E0100B04AB8 /* VerifyOTPViewController.swift */ = {isa = PBXFileReference; lastKnownFileType = sourcecode.swift; path = VerifyOTPViewController.swift; sourceTree = "<group>"; };
		C709A11E2D5B7E0E00B04AB8 /* ResetPasswordViewController.swift */ = {isa = PBXFileReference; lastKnownFileType = sourcecode.swift; path = ResetPasswordViewController.swift; sourceTree = "<group>"; };
		C71848152D548DBF008F530D /* CustomNavigationBar.swift */ = {isa = PBXFileReference; lastKnownFileType = sourcecode.swift; path = CustomNavigationBar.swift; sourceTree = "<group>"; };
		C71848162D548DBF008F530D /* CustomNavigationBar.xib */ = {isa = PBXFileReference; lastKnownFileType = file.xib; path = CustomNavigationBar.xib; sourceTree = "<group>"; };
		C73A369D2D475CC300A622DA /* CustomTextFieldView.swift */ = {isa = PBXFileReference; lastKnownFileType = sourcecode.swift; path = CustomTextFieldView.swift; sourceTree = "<group>"; };
		C73A369F2D475CFA00A622DA /* CustomTextFieldView.xib */ = {isa = PBXFileReference; lastKnownFileType = file.xib; path = CustomTextFieldView.xib; sourceTree = "<group>"; };
		C73A36A12D47665700A622DA /* FontManager.swift */ = {isa = PBXFileReference; lastKnownFileType = sourcecode.swift; name = FontManager.swift; path = "Signup Sheetz/FontManager.swift"; sourceTree = SOURCE_ROOT; };
		C73A36A42D4769D200A622DA /* UIImage.swift */ = {isa = PBXFileReference; lastKnownFileType = sourcecode.swift; path = UIImage.swift; sourceTree = "<group>"; };
		C73BF0842D50A71D00E08318 /* MenuViewController.swift */ = {isa = PBXFileReference; lastKnownFileType = sourcecode.swift; path = MenuViewController.swift; sourceTree = "<group>"; };
		C73BF0862D50C54900E08318 /* UIColorExtension.swift */ = {isa = PBXFileReference; lastKnownFileType = sourcecode.swift; path = UIColorExtension.swift; sourceTree = "<group>"; };
		C73BF08B2D50D7B400E08318 /* CategoryCollectionViewCell.swift */ = {isa = PBXFileReference; lastKnownFileType = sourcecode.swift; path = CategoryCollectionViewCell.swift; sourceTree = "<group>"; };
		C73BF08C2D50D7B400E08318 /* CategoryCollectionViewCell.xib */ = {isa = PBXFileReference; lastKnownFileType = file.xib; path = CategoryCollectionViewCell.xib; sourceTree = "<group>"; };
		C756416E2D50FB6900B560E2 /* MyEventTableViewCell.swift */ = {isa = PBXFileReference; lastKnownFileType = sourcecode.swift; path = MyEventTableViewCell.swift; sourceTree = "<group>"; };
		C756416F2D50FB6900B560E2 /* MyEventTableViewCell.xib */ = {isa = PBXFileReference; lastKnownFileType = file.xib; path = MyEventTableViewCell.xib; sourceTree = "<group>"; };
		C75979542D48A35000D015A4 /* RegisterViewController.swift */ = {isa = PBXFileReference; lastKnownFileType = sourcecode.swift; path = RegisterViewController.swift; sourceTree = "<group>"; };
		C764D0462D4CDE9A0085A3F8 /* ExampleIrregularityContentView.swift */ = {isa = PBXFileReference; lastKnownFileType = sourcecode.swift; path = ExampleIrregularityContentView.swift; sourceTree = "<group>"; };
		C764D0482D4CDEE10085A3F8 /* ExampleBasicContentView.swift */ = {isa = PBXFileReference; lastKnownFileType = sourcecode.swift; path = ExampleBasicContentView.swift; sourceTree = "<group>"; };
		C764D04A2D4CDFE00085A3F8 /* ExampleBouncesContentView.swift */ = {isa = PBXFileReference; lastKnownFileType = sourcecode.swift; path = ExampleBouncesContentView.swift; sourceTree = "<group>"; };
		C764D04E2D4CFE010085A3F8 /* MyEventViewController.swift */ = {isa = PBXFileReference; lastKnownFileType = sourcecode.swift; path = MyEventViewController.swift; sourceTree = "<group>"; };
		C764D0502D4CFE110085A3F8 /* ProfileViewController.swift */ = {isa = PBXFileReference; lastKnownFileType = sourcecode.swift; path = ProfileViewController.swift; sourceTree = "<group>"; };
		C764D0532D4CFE450085A3F8 /* CreateEventViewController.swift */ = {isa = PBXFileReference; lastKnownFileType = sourcecode.swift; path = CreateEventViewController.swift; sourceTree = "<group>"; };
		C77091DE2D5DBA86002E9994 /* UIImageViewExtension.swift */ = {isa = PBXFileReference; lastKnownFileType = sourcecode.swift; path = UIImageViewExtension.swift; sourceTree = "<group>"; };
		C77091E72D5DCB68002E9994 /* BackgroundView.swift */ = {isa = PBXFileReference; fileEncoding = 4; lastKnownFileType = sourcecode.swift; path = BackgroundView.swift; sourceTree = "<group>"; };
		C77091E82D5DCB68002E9994 /* BackgroundView.xib */ = {isa = PBXFileReference; fileEncoding = 4; lastKnownFileType = file.xib; path = BackgroundView.xib; sourceTree = "<group>"; };
		C77091ED2D5DDBAE002E9994 /* EventDetailModel.swift */ = {isa = PBXFileReference; lastKnownFileType = sourcecode.swift; path = EventDetailModel.swift; sourceTree = "<group>"; };
		C77091EF2D5DDBB8002E9994 /* EventDetailViewModel.swift */ = {isa = PBXFileReference; lastKnownFileType = sourcecode.swift; path = EventDetailViewModel.swift; sourceTree = "<group>"; };
		C77091F12D5DDBCF002E9994 /* EventDetailDataservice.swift */ = {isa = PBXFileReference; lastKnownFileType = sourcecode.swift; path = EventDetailDataservice.swift; sourceTree = "<group>"; };
		C77091F32D5DDBDA002E9994 /* EventDetailViewController.swift */ = {isa = PBXFileReference; lastKnownFileType = sourcecode.swift; path = EventDetailViewController.swift; sourceTree = "<group>"; };
		C77091F52D5E0B11002E9994 /* ProfileViewModel.swift */ = {isa = PBXFileReference; lastKnownFileType = sourcecode.swift; path = ProfileViewModel.swift; sourceTree = "<group>"; };
		C77091F72D5E0E0B002E9994 /* ProfileModel.swift */ = {isa = PBXFileReference; lastKnownFileType = sourcecode.swift; path = ProfileModel.swift; sourceTree = "<group>"; };
		C77091FA2D5E100D002E9994 /* ProfileDetailTableViewCell.swift */ = {isa = PBXFileReference; lastKnownFileType = sourcecode.swift; path = ProfileDetailTableViewCell.swift; sourceTree = "<group>"; };
		C77091FB2D5E100D002E9994 /* ProfileDetailTableViewCell.xib */ = {isa = PBXFileReference; lastKnownFileType = file.xib; path = ProfileDetailTableViewCell.xib; sourceTree = "<group>"; };
		C77091FE2D5E1631002E9994 /* LogoutTableViewCell.swift */ = {isa = PBXFileReference; lastKnownFileType = sourcecode.swift; path = LogoutTableViewCell.swift; sourceTree = "<group>"; };
		C77091FF2D5E1631002E9994 /* LogoutTableViewCell.xib */ = {isa = PBXFileReference; lastKnownFileType = file.xib; path = LogoutTableViewCell.xib; sourceTree = "<group>"; };
		C77092022D5E1792002E9994 /* ProfileDataservice.swift */ = {isa = PBXFileReference; lastKnownFileType = sourcecode.swift; path = ProfileDataservice.swift; sourceTree = "<group>"; };
		C79E72F12D5CCA0E00A59020 /* HomeViewModel.swift */ = {isa = PBXFileReference; lastKnownFileType = sourcecode.swift; path = HomeViewModel.swift; sourceTree = "<group>"; };
		C79E72F32D5CCA1700A59020 /* HomeDataservice.swift */ = {isa = PBXFileReference; lastKnownFileType = sourcecode.swift; path = HomeDataservice.swift; sourceTree = "<group>"; };
		C79E72F52D5CCA2100A59020 /* HomeModel.swift */ = {isa = PBXFileReference; lastKnownFileType = sourcecode.swift; path = HomeModel.swift; sourceTree = "<group>"; };
		C7A58E952D4A15ED0008511C /* RegisterModel.swift */ = {isa = PBXFileReference; lastKnownFileType = sourcecode.swift; path = RegisterModel.swift; sourceTree = "<group>"; };
		C7A58E972D4A15FD0008511C /* RegisterViewModel.swift */ = {isa = PBXFileReference; lastKnownFileType = sourcecode.swift; path = RegisterViewModel.swift; sourceTree = "<group>"; };
		C7AEDB5D2D5F487D0084059F /* EditProfileModel.swift */ = {isa = PBXFileReference; lastKnownFileType = sourcecode.swift; path = EditProfileModel.swift; sourceTree = "<group>"; };
		C7AEDB5F2D5F48870084059F /* EditProfileViewModel.swift */ = {isa = PBXFileReference; lastKnownFileType = sourcecode.swift; path = EditProfileViewModel.swift; sourceTree = "<group>"; };
		C7AEDB612D5F48930084059F /* EditProfileDataservice.swift */ = {isa = PBXFileReference; lastKnownFileType = sourcecode.swift; path = EditProfileDataservice.swift; sourceTree = "<group>"; };
		C7AEDB632D5F48CB0084059F /* EditProfileViewController.swift */ = {isa = PBXFileReference; lastKnownFileType = sourcecode.swift; path = EditProfileViewController.swift; sourceTree = "<group>"; };
		C7AEDB662D5F56040084059F /* ChangePasswordViewController.swift */ = {isa = PBXFileReference; lastKnownFileType = sourcecode.swift; path = ChangePasswordViewController.swift; sourceTree = "<group>"; };
		C7AEDB682D5F5A650084059F /* ChangePasswordModel.swift */ = {isa = PBXFileReference; lastKnownFileType = sourcecode.swift; path = ChangePasswordModel.swift; sourceTree = "<group>"; };
		C7AEDB6A2D5F5A6F0084059F /* ChangePasswordViewModel.swift */ = {isa = PBXFileReference; lastKnownFileType = sourcecode.swift; path = ChangePasswordViewModel.swift; sourceTree = "<group>"; };
		C7AEDB6C2D5F5A780084059F /* ChangePasswordDataservice.swift */ = {isa = PBXFileReference; lastKnownFileType = sourcecode.swift; path = ChangePasswordDataservice.swift; sourceTree = "<group>"; };
		C7CEC1852D4218A500EFECFB /* Signup Sheetz.app */ = {isa = PBXFileReference; explicitFileType = wrapper.application; includeInIndex = 0; path = "Signup Sheetz.app"; sourceTree = BUILT_PRODUCTS_DIR; };
		C7CEC1882D4218A500EFECFB /* AppDelegate.swift */ = {isa = PBXFileReference; lastKnownFileType = sourcecode.swift; path = AppDelegate.swift; sourceTree = "<group>"; };
		C7CEC18A2D4218A500EFECFB /* SceneDelegate.swift */ = {isa = PBXFileReference; lastKnownFileType = sourcecode.swift; path = SceneDelegate.swift; sourceTree = "<group>"; };
		C7CEC18C2D4218A500EFECFB /* LoginViewController.swift */ = {isa = PBXFileReference; lastKnownFileType = sourcecode.swift; path = LoginViewController.swift; sourceTree = "<group>"; };
		C7CEC18F2D4218A500EFECFB /* Base */ = {isa = PBXFileReference; lastKnownFileType = file.storyboard; name = Base; path = Base.lproj/Main.storyboard; sourceTree = "<group>"; };
		C7CEC1912D4218A700EFECFB /* Assets.xcassets */ = {isa = PBXFileReference; lastKnownFileType = folder.assetcatalog; path = Assets.xcassets; sourceTree = "<group>"; };
		C7CEC1942D4218A700EFECFB /* Base */ = {isa = PBXFileReference; lastKnownFileType = file.storyboard; name = Base; path = Base.lproj/LaunchScreen.storyboard; sourceTree = "<group>"; };
		C7CEC1962D4218A700EFECFB /* Info.plist */ = {isa = PBXFileReference; lastKnownFileType = text.plist.xml; path = Info.plist; sourceTree = "<group>"; };
		C7CEC19B2D4218A700EFECFB /* Signup SheetzTests.xctest */ = {isa = PBXFileReference; explicitFileType = wrapper.cfbundle; includeInIndex = 0; path = "Signup SheetzTests.xctest"; sourceTree = BUILT_PRODUCTS_DIR; };
		C7CEC19F2D4218A700EFECFB /* Signup_SheetzTests.swift */ = {isa = PBXFileReference; lastKnownFileType = sourcecode.swift; path = Signup_SheetzTests.swift; sourceTree = "<group>"; };
		C7CEC1A52D4218A700EFECFB /* Signup SheetzUITests.xctest */ = {isa = PBXFileReference; explicitFileType = wrapper.cfbundle; includeInIndex = 0; path = "Signup SheetzUITests.xctest"; sourceTree = BUILT_PRODUCTS_DIR; };
		C7CEC1A92D4218A700EFECFB /* Signup_SheetzUITests.swift */ = {isa = PBXFileReference; lastKnownFileType = sourcecode.swift; path = Signup_SheetzUITests.swift; sourceTree = "<group>"; };
		C7CEC1AB2D4218A700EFECFB /* Signup_SheetzUITestsLaunchTests.swift */ = {isa = PBXFileReference; lastKnownFileType = sourcecode.swift; path = Signup_SheetzUITestsLaunchTests.swift; sourceTree = "<group>"; };
		C7CEC1BE2D421A0E00EFECFB /* NetworkingManager.swift */ = {isa = PBXFileReference; fileEncoding = 4; lastKnownFileType = sourcecode.swift; path = NetworkingManager.swift; sourceTree = "<group>"; };
		C7CEC1BF2D421A0E00EFECFB /* EndPoint.swift */ = {isa = PBXFileReference; fileEncoding = 4; lastKnownFileType = sourcecode.swift; path = EndPoint.swift; sourceTree = "<group>"; };
		C7CEC1C22D421A7A00EFECFB /* Constants.swift */ = {isa = PBXFileReference; fileEncoding = 4; lastKnownFileType = sourcecode.swift; path = Constants.swift; sourceTree = "<group>"; };
		C7CEC1C42D421B4100EFECFB /* LocalTexts.swift */ = {isa = PBXFileReference; lastKnownFileType = sourcecode.swift; path = LocalTexts.swift; sourceTree = "<group>"; };
		C7D74BB12D4B3C4D004FA82C /* LoginModel.swift */ = {isa = PBXFileReference; lastKnownFileType = sourcecode.swift; path = LoginModel.swift; sourceTree = "<group>"; };
		C7D74BB32D4B3C6D004FA82C /* LoginViewModel.swift */ = {isa = PBXFileReference; lastKnownFileType = sourcecode.swift; path = LoginViewModel.swift; sourceTree = "<group>"; };
		C7D74BB52D4B3C96004FA82C /* LoginDataservice.swift */ = {isa = PBXFileReference; lastKnownFileType = sourcecode.swift; path = LoginDataservice.swift; sourceTree = "<group>"; };
		C7D74BB72D4B45FE004FA82C /* UserDefaultsHelper.swift */ = {isa = PBXFileReference; lastKnownFileType = sourcecode.swift; path = UserDefaultsHelper.swift; sourceTree = "<group>"; };
		C7D74BBB2D4B46B3004FA82C /* Keys.swift */ = {isa = PBXFileReference; lastKnownFileType = sourcecode.swift; path = Keys.swift; sourceTree = "<group>"; };
		C7D74BBF2D4B4C5C004FA82C /* ViewControllerExtension.swift */ = {isa = PBXFileReference; lastKnownFileType = sourcecode.swift; path = ViewControllerExtension.swift; sourceTree = "<group>"; };
		C7D74BC52D4BB33E004FA82C /* CustomTabBarController.swift */ = {isa = PBXFileReference; lastKnownFileType = sourcecode.swift; path = CustomTabBarController.swift; sourceTree = "<group>"; };
		C7D74BC82D4BB38F004FA82C /* HomeViewController.swift */ = {isa = PBXFileReference; lastKnownFileType = sourcecode.swift; path = HomeViewController.swift; sourceTree = "<group>"; };
		C7D74BCB2D4BB3E6004FA82C /* MyInvitationsViewController.swift */ = {isa = PBXFileReference; lastKnownFileType = sourcecode.swift; path = MyInvitationsViewController.swift; sourceTree = "<group>"; };
		C7D756A22D475741008343A9 /* AirbnbCereal_W_Bd.otf */ = {isa = PBXFileReference; lastKnownFileType = file; path = AirbnbCereal_W_Bd.otf; sourceTree = "<group>"; };
		C7D756A32D475741008343A9 /* AirbnbCereal_W_Bk.otf */ = {isa = PBXFileReference; lastKnownFileType = file; path = AirbnbCereal_W_Bk.otf; sourceTree = "<group>"; };
		C7D756A42D475741008343A9 /* AirbnbCereal_W_Blk.otf */ = {isa = PBXFileReference; lastKnownFileType = file; path = AirbnbCereal_W_Blk.otf; sourceTree = "<group>"; };
		C7D756A52D475741008343A9 /* AirbnbCereal_W_Lt.otf */ = {isa = PBXFileReference; lastKnownFileType = file; path = AirbnbCereal_W_Lt.otf; sourceTree = "<group>"; };
		C7D756A62D475741008343A9 /* AirbnbCereal_W_Md.otf */ = {isa = PBXFileReference; lastKnownFileType = file; path = AirbnbCereal_W_Md.otf; sourceTree = "<group>"; };
		C7D756A72D475741008343A9 /* AirbnbCereal_W_XBd.otf */ = {isa = PBXFileReference; lastKnownFileType = file; path = AirbnbCereal_W_XBd.otf; sourceTree = "<group>"; };
		C7F830022D4A2B71008EB7D2 /* RegisterDataservice.swift */ = {isa = PBXFileReference; lastKnownFileType = sourcecode.swift; path = RegisterDataservice.swift; sourceTree = "<group>"; };
		C7F830042D4A3137008EB7D2 /* ValidationEnum.swift */ = {isa = PBXFileReference; fileEncoding = 4; lastKnownFileType = sourcecode.swift; path = ValidationEnum.swift; sourceTree = "<group>"; };
		C7F830062D4A3172008EB7D2 /* StringExtension.swift */ = {isa = PBXFileReference; fileEncoding = 4; lastKnownFileType = sourcecode.swift; path = StringExtension.swift; sourceTree = "<group>"; };
		C7F830082D4A33C8008EB7D2 /* Spinner.swift */ = {isa = PBXFileReference; fileEncoding = 4; lastKnownFileType = sourcecode.swift; path = Spinner.swift; sourceTree = "<group>"; };
		C7F8300A2D4A3852008EB7D2 /* Protocols.swift */ = {isa = PBXFileReference; lastKnownFileType = sourcecode.swift; path = Protocols.swift; sourceTree = "<group>"; };
		D6EA1BA90EBA475B107FE8E3 /* Pods_Signup_Sheetz.framework */ = {isa = PBXFileReference; explicitFileType = wrapper.framework; includeInIndex = 0; path = Pods_Signup_Sheetz.framework; sourceTree = BUILT_PRODUCTS_DIR; };
		FB8EFED6C1487E4D14444513 /* Pods-Signup SheetzTests.debug.xcconfig */ = {isa = PBXFileReference; includeInIndex = 1; lastKnownFileType = text.xcconfig; name = "Pods-Signup SheetzTests.debug.xcconfig"; path = "Target Support Files/Pods-Signup SheetzTests/Pods-Signup SheetzTests.debug.xcconfig"; sourceTree = "<group>"; };
		FBF1BF41E97F8D187127F91B /* Pods-Signup Sheetz.debug.xcconfig */ = {isa = PBXFileReference; includeInIndex = 1; lastKnownFileType = text.xcconfig; name = "Pods-Signup Sheetz.debug.xcconfig"; path = "Target Support Files/Pods-Signup Sheetz/Pods-Signup Sheetz.debug.xcconfig"; sourceTree = "<group>"; };
/* End PBXFileReference section */

/* Begin PBXFrameworksBuildPhase section */
		C7CEC1822D4218A500EFECFB /* Frameworks */ = {
			isa = PBXFrameworksBuildPhase;
			buildActionMask = 2147483647;
			files = (
				C7D74BC32D4BB276004FA82C /* ESTabBarController in Frameworks */,
				C73BF0822D509E4200E08318 /* SideMenu in Frameworks */,
				8A99DA4EDA1B82E9F612668D /* Pods_Signup_Sheetz.framework in Frameworks */,
			);
			runOnlyForDeploymentPostprocessing = 0;
		};
		C7CEC1982D4218A700EFECFB /* Frameworks */ = {
			isa = PBXFrameworksBuildPhase;
			buildActionMask = 2147483647;
			files = (
				641FCA5C2990F2E8CCE65022 /* Pods_Signup_SheetzTests.framework in Frameworks */,
			);
			runOnlyForDeploymentPostprocessing = 0;
		};
		C7CEC1A22D4218A700EFECFB /* Frameworks */ = {
			isa = PBXFrameworksBuildPhase;
			buildActionMask = 2147483647;
			files = (
				5DEFD724BB4D2F2F6DA5161A /* Pods_Signup_Sheetz_Signup_SheetzUITests.framework in Frameworks */,
			);
			runOnlyForDeploymentPostprocessing = 0;
		};
/* End PBXFrameworksBuildPhase section */

/* Begin PBXGroup section */
		B03ECC6EF5F1567B0574E6BA /* Frameworks */ = {
			isa = PBXGroup;
			children = (
				D6EA1BA90EBA475B107FE8E3 /* Pods_Signup_Sheetz.framework */,
				054BBF53D34C3EAA7D0E6579 /* Pods_Signup_Sheetz_Signup_SheetzUITests.framework */,
				6B8660F0B7E34BFAA598AF01 /* Pods_Signup_SheetzTests.framework */,
			);
			name = Frameworks;
			sourceTree = "<group>";
		};
		C709A1022D5B526800B04AB8 /* Authentication */ = {
			isa = PBXGroup;
			children = (
				C7CEC1B92D4219B800EFECFB /* Login */,
				C75979532D48A30700D015A4 /* Register */,
				C709A1032D5B527300B04AB8 /* Forgot Password */,
				C709A10E2D5B7B6600B04AB8 /* Verify OTP */,
				C709A10F2D5B7B7100B04AB8 /* Reset Password */,
				C7AEDB5C2D5F48690084059F /* Edit Profile */,
				C7AEDB652D5F49610084059F /* Change Password */,
			);
			path = Authentication;
			sourceTree = "<group>";
		};
		C709A1032D5B527300B04AB8 /* Forgot Password */ = {
			isa = PBXGroup;
			children = (
				C709A1082D5B52BB00B04AB8 /* ForgotPasswordModel.swift */,
				C709A1062D5B52B000B04AB8 /* ForgotPasswordViewModel.swift */,
				C709A10A2D5B52CB00B04AB8 /* ForgotPasswordDataservice.swift */,
				C709A10C2D5B531800B04AB8 /* ForgotPasswordViewController.swift */,
			);
			path = "Forgot Password";
			sourceTree = "<group>";
		};
		C709A10E2D5B7B6600B04AB8 /* Verify OTP */ = {
			isa = PBXGroup;
			children = (
				C709A1122D5B7DA600B04AB8 /* VerifyOTPModel.swift */,
				C709A1142D5B7DAE00B04AB8 /* VerifyOTPViewModel.swift */,
				C709A1102D5B7D9E00B04AB8 /* VerifyOTPDataservice.swift */,
				C709A11C2D5B7E0100B04AB8 /* VerifyOTPViewController.swift */,
			);
			path = "Verify OTP";
			sourceTree = "<group>";
		};
		C709A10F2D5B7B7100B04AB8 /* Reset Password */ = {
			isa = PBXGroup;
			children = (
				C709A1162D5B7DD500B04AB8 /* ResetPasswordModel.swift */,
				C709A1182D5B7DE100B04AB8 /* ResetPasswordViewModel.swift */,
				C709A11A2D5B7DEA00B04AB8 /* ResetPasswordDataservice.swift */,
				C709A11E2D5B7E0E00B04AB8 /* ResetPasswordViewController.swift */,
			);
			path = "Reset Password";
			sourceTree = "<group>";
		};
		C71848172D548DBF008F530D /* Navigation View */ = {
			isa = PBXGroup;
			children = (
				C71848152D548DBF008F530D /* CustomNavigationBar.swift */,
				C71848162D548DBF008F530D /* CustomNavigationBar.xib */,
			);
			path = "Navigation View";
			sourceTree = "<group>";
		};
		C718481A2D548DDB008F530D /* CustomTextFieldView */ = {
			isa = PBXGroup;
			children = (
				C73A369D2D475CC300A622DA /* CustomTextFieldView.swift */,
				C73A369F2D475CFA00A622DA /* CustomTextFieldView.xib */,
			);
			path = CustomTextFieldView;
			sourceTree = "<group>";
		};
		C73A369C2D475CAA00A622DA /* Resuable View */ = {
			isa = PBXGroup;
			children = (
				C77091E92D5DCB68002E9994 /* Background View */,
				C71848172D548DBF008F530D /* Navigation View */,
				C718481A2D548DDB008F530D /* CustomTextFieldView */,
			);
			path = "Resuable View";
			sourceTree = "<group>";
		};
		C73A36A32D4769C300A622DA /* Extensions */ = {
			isa = PBXGroup;
			children = (
				C73A36A42D4769D200A622DA /* UIImage.swift */,
				C7F830062D4A3172008EB7D2 /* StringExtension.swift */,
				C7D74BBF2D4B4C5C004FA82C /* ViewControllerExtension.swift */,
				C73BF0862D50C54900E08318 /* UIColorExtension.swift */,
				C77091DE2D5DBA86002E9994 /* UIImageViewExtension.swift */,
			);
			path = Extensions;
			sourceTree = "<group>";
		};
		C73BF0832D50A70300E08318 /* Menu */ = {
			isa = PBXGroup;
			children = (
				C73BF0842D50A71D00E08318 /* MenuViewController.swift */,
			);
			path = Menu;
			sourceTree = "<group>";
		};
		C73BF0882D50D76A00E08318 /* Cell */ = {
			isa = PBXGroup;
			children = (
				C73BF08B2D50D7B400E08318 /* CategoryCollectionViewCell.swift */,
				C73BF08C2D50D7B400E08318 /* CategoryCollectionViewCell.xib */,
				C756416E2D50FB6900B560E2 /* MyEventTableViewCell.swift */,
				C756416F2D50FB6900B560E2 /* MyEventTableViewCell.xib */,
			);
			path = Cell;
			sourceTree = "<group>";
		};
		C75979532D48A30700D015A4 /* Register */ = {
			isa = PBXGroup;
			children = (
				C7A58E952D4A15ED0008511C /* RegisterModel.swift */,
				C7A58E972D4A15FD0008511C /* RegisterViewModel.swift */,
				C7F830022D4A2B71008EB7D2 /* RegisterDataservice.swift */,
				C75979542D48A35000D015A4 /* RegisterViewController.swift */,
			);
			path = Register;
			sourceTree = "<group>";
		};
		C764D04C2D4CFCBC0085A3F8 /* Profile */ = {
			isa = PBXGroup;
			children = (
				C77091F92D5E0FF6002E9994 /* Cell */,
				C77091F72D5E0E0B002E9994 /* ProfileModel.swift */,
				C77091F52D5E0B11002E9994 /* ProfileViewModel.swift */,
				C77092022D5E1792002E9994 /* ProfileDataservice.swift */,
				C764D0502D4CFE110085A3F8 /* ProfileViewController.swift */,
			);
			path = Profile;
			sourceTree = "<group>";
		};
		C764D04D2D4CFCD00085A3F8 /* My Event */ = {
			isa = PBXGroup;
			children = (
				C764D04E2D4CFE010085A3F8 /* MyEventViewController.swift */,
			);
			path = "My Event";
			sourceTree = "<group>";
		};
		C764D0522D4CFE1B0085A3F8 /* Create Event */ = {
			isa = PBXGroup;
			children = (
				C764D0532D4CFE450085A3F8 /* CreateEventViewController.swift */,
			);
			path = "Create Event";
			sourceTree = "<group>";
		};
		C77091E12D5DC0A6002E9994 /* Dashboard Screens */ = {
			isa = PBXGroup;
			children = (
				C7D74BC72D4BB377004FA82C /* Home */,
				C7D74BCA2D4BB3D5004FA82C /* My Invitations */,
				C764D0522D4CFE1B0085A3F8 /* Create Event */,
				C764D04D2D4CFCD00085A3F8 /* My Event */,
				C764D04C2D4CFCBC0085A3F8 /* Profile */,
			);
			path = "Dashboard Screens";
			sourceTree = "<group>";
		};
		C77091E92D5DCB68002E9994 /* Background View */ = {
			isa = PBXGroup;
			children = (
				C77091E72D5DCB68002E9994 /* BackgroundView.swift */,
				C77091E82D5DCB68002E9994 /* BackgroundView.xib */,
			);
			path = "Background View";
			sourceTree = "<group>";
		};
		C77091EC2D5DD85E002E9994 /* Event Details */ = {
			isa = PBXGroup;
			children = (
				C77091ED2D5DDBAE002E9994 /* EventDetailModel.swift */,
				C77091EF2D5DDBB8002E9994 /* EventDetailViewModel.swift */,
				C77091F12D5DDBCF002E9994 /* EventDetailDataservice.swift */,
				C77091F32D5DDBDA002E9994 /* EventDetailViewController.swift */,
			);
			path = "Event Details";
			sourceTree = "<group>";
		};
		C77091F92D5E0FF6002E9994 /* Cell */ = {
			isa = PBXGroup;
			children = (
				C77091FA2D5E100D002E9994 /* ProfileDetailTableViewCell.swift */,
				C77091FB2D5E100D002E9994 /* ProfileDetailTableViewCell.xib */,
				C77091FE2D5E1631002E9994 /* LogoutTableViewCell.swift */,
				C77091FF2D5E1631002E9994 /* LogoutTableViewCell.xib */,
			);
			path = Cell;
			sourceTree = "<group>";
		};
		C7AEDB5C2D5F48690084059F /* Edit Profile */ = {
			isa = PBXGroup;
			children = (
				C7AEDB5D2D5F487D0084059F /* EditProfileModel.swift */,
				C7AEDB5F2D5F48870084059F /* EditProfileViewModel.swift */,
				C7AEDB612D5F48930084059F /* EditProfileDataservice.swift */,
				C7AEDB632D5F48CB0084059F /* EditProfileViewController.swift */,
			);
			path = "Edit Profile";
			sourceTree = "<group>";
		};
		C7AEDB652D5F49610084059F /* Change Password */ = {
			isa = PBXGroup;
			children = (
				C7AEDB682D5F5A650084059F /* ChangePasswordModel.swift */,
				C7AEDB6A2D5F5A6F0084059F /* ChangePasswordViewModel.swift */,
				C7AEDB6C2D5F5A780084059F /* ChangePasswordDataservice.swift */,
				C7AEDB662D5F56040084059F /* ChangePasswordViewController.swift */,
			);
			path = "Change Password";
			sourceTree = "<group>";
		};
		C7CEC17C2D4218A500EFECFB = {
			isa = PBXGroup;
			children = (
				C7CEC1872D4218A500EFECFB /* Signup Sheetz */,
				C7CEC19E2D4218A700EFECFB /* Signup SheetzTests */,
				C7CEC1A82D4218A700EFECFB /* Signup SheetzUITests */,
				C7CEC1862D4218A500EFECFB /* Products */,
				ECFCEFD47E1090E03FB0EB4C /* Pods */,
				B03ECC6EF5F1567B0574E6BA /* Frameworks */,
			);
			sourceTree = "<group>";
		};
		C7CEC1862D4218A500EFECFB /* Products */ = {
			isa = PBXGroup;
			children = (
				C7CEC1852D4218A500EFECFB /* Signup Sheetz.app */,
				C7CEC19B2D4218A700EFECFB /* Signup SheetzTests.xctest */,
				C7CEC1A52D4218A700EFECFB /* Signup SheetzUITests.xctest */,
			);
			name = Products;
			sourceTree = "<group>";
		};
		C7CEC1872D4218A500EFECFB /* Signup Sheetz */ = {
			isa = PBXGroup;
			children = (
				C73A369C2D475CAA00A622DA /* Resuable View */,
				C7D756A82D475741008343A9 /* Fonts */,
				C7CEC1BD2D4219E400EFECFB /* Network */,
				C7CEC1BC2D4219D800EFECFB /* Helpers */,
				C7CEC1BB2D4219D100EFECFB /* Utilities */,
				C7CEC1B82D4219AA00EFECFB /* Delegates */,
				C7CEC1BA2D4219C100EFECFB /* Features */,
				C7CEC18E2D4218A500EFECFB /* Main.storyboard */,
				C7CEC1912D4218A700EFECFB /* Assets.xcassets */,
				C7CEC1932D4218A700EFECFB /* LaunchScreen.storyboard */,
				C7CEC1962D4218A700EFECFB /* Info.plist */,
			);
			path = "Signup Sheetz";
			sourceTree = "<group>";
		};
		C7CEC19E2D4218A700EFECFB /* Signup SheetzTests */ = {
			isa = PBXGroup;
			children = (
				C7CEC19F2D4218A700EFECFB /* Signup_SheetzTests.swift */,
			);
			path = "Signup SheetzTests";
			sourceTree = "<group>";
		};
		C7CEC1A82D4218A700EFECFB /* Signup SheetzUITests */ = {
			isa = PBXGroup;
			children = (
				C7CEC1A92D4218A700EFECFB /* Signup_SheetzUITests.swift */,
				C7CEC1AB2D4218A700EFECFB /* Signup_SheetzUITestsLaunchTests.swift */,
			);
			path = "Signup SheetzUITests";
			sourceTree = "<group>";
		};
		C7CEC1B82D4219AA00EFECFB /* Delegates */ = {
			isa = PBXGroup;
			children = (
				C7CEC1882D4218A500EFECFB /* AppDelegate.swift */,
				C7CEC18A2D4218A500EFECFB /* SceneDelegate.swift */,
			);
			path = Delegates;
			sourceTree = "<group>";
		};
		C7CEC1B92D4219B800EFECFB /* Login */ = {
			isa = PBXGroup;
			children = (
				C7D74BB12D4B3C4D004FA82C /* LoginModel.swift */,
				C7D74BB32D4B3C6D004FA82C /* LoginViewModel.swift */,
				C7D74BB52D4B3C96004FA82C /* LoginDataservice.swift */,
				C7CEC18C2D4218A500EFECFB /* LoginViewController.swift */,
			);
			path = Login;
			sourceTree = "<group>";
		};
		C7CEC1BA2D4219C100EFECFB /* Features */ = {
			isa = PBXGroup;
			children = (
				C73BF0832D50A70300E08318 /* Menu */,
				C7D74BC42D4BB2E1004FA82C /* Dashboard */,
				C77091E12D5DC0A6002E9994 /* Dashboard Screens */,
				C77091EC2D5DD85E002E9994 /* Event Details */,
				C709A1022D5B526800B04AB8 /* Authentication */,
			);
			path = Features;
			sourceTree = "<group>";
		};
		C7CEC1BB2D4219D100EFECFB /* Utilities */ = {
			isa = PBXGroup;
			children = (
				C73A36A32D4769C300A622DA /* Extensions */,
				C7CEC1C22D421A7A00EFECFB /* Constants.swift */,
				C7CEC1C42D421B4100EFECFB /* LocalTexts.swift */,
				C7F830042D4A3137008EB7D2 /* ValidationEnum.swift */,
				C7F8300A2D4A3852008EB7D2 /* Protocols.swift */,
				C7D74BBB2D4B46B3004FA82C /* Keys.swift */,
			);
			path = Utilities;
			sourceTree = "<group>";
		};
		C7CEC1BC2D4219D800EFECFB /* Helpers */ = {
			isa = PBXGroup;
			children = (
				C7F830082D4A33C8008EB7D2 /* Spinner.swift */,
				C73A36A12D47665700A622DA /* FontManager.swift */,
				C7D74BB72D4B45FE004FA82C /* UserDefaultsHelper.swift */,
			);
			path = Helpers;
			sourceTree = "<group>";
		};
		C7CEC1BD2D4219E400EFECFB /* Network */ = {
			isa = PBXGroup;
			children = (
				C7CEC1BF2D421A0E00EFECFB /* EndPoint.swift */,
				C7CEC1BE2D421A0E00EFECFB /* NetworkingManager.swift */,
			);
			path = Network;
			sourceTree = "<group>";
		};
		C7D74BC42D4BB2E1004FA82C /* Dashboard */ = {
			isa = PBXGroup;
			children = (
				C764D04A2D4CDFE00085A3F8 /* ExampleBouncesContentView.swift */,
				C764D0482D4CDEE10085A3F8 /* ExampleBasicContentView.swift */,
				C764D0462D4CDE9A0085A3F8 /* ExampleIrregularityContentView.swift */,
				C7D74BC52D4BB33E004FA82C /* CustomTabBarController.swift */,
			);
			path = Dashboard;
			sourceTree = "<group>";
		};
		C7D74BC72D4BB377004FA82C /* Home */ = {
			isa = PBXGroup;
			children = (
				C73BF0882D50D76A00E08318 /* Cell */,
				C79E72F52D5CCA2100A59020 /* HomeModel.swift */,
				C79E72F12D5CCA0E00A59020 /* HomeViewModel.swift */,
				C79E72F32D5CCA1700A59020 /* HomeDataservice.swift */,
				C7D74BC82D4BB38F004FA82C /* HomeViewController.swift */,
			);
			path = Home;
			sourceTree = "<group>";
		};
		C7D74BCA2D4BB3D5004FA82C /* My Invitations */ = {
			isa = PBXGroup;
			children = (
				C7D74BCB2D4BB3E6004FA82C /* MyInvitationsViewController.swift */,
			);
			path = "My Invitations";
			sourceTree = "<group>";
		};
		C7D756A82D475741008343A9 /* Fonts */ = {
			isa = PBXGroup;
			children = (
				C7D756A22D475741008343A9 /* AirbnbCereal_W_Bd.otf */,
				C7D756A32D475741008343A9 /* AirbnbCereal_W_Bk.otf */,
				C7D756A42D475741008343A9 /* AirbnbCereal_W_Blk.otf */,
				C7D756A52D475741008343A9 /* AirbnbCereal_W_Lt.otf */,
				C7D756A62D475741008343A9 /* AirbnbCereal_W_Md.otf */,
				C7D756A72D475741008343A9 /* AirbnbCereal_W_XBd.otf */,
			);
			path = Fonts;
			sourceTree = "<group>";
		};
		ECFCEFD47E1090E03FB0EB4C /* Pods */ = {
			isa = PBXGroup;
			children = (
				FBF1BF41E97F8D187127F91B /* Pods-Signup Sheetz.debug.xcconfig */,
				7FC9770539F809ECA7ABB7C5 /* Pods-Signup Sheetz.release.xcconfig */,
				62ADEB907B455CDEC89B1289 /* Pods-Signup Sheetz-Signup SheetzUITests.debug.xcconfig */,
				7E1795AA610E83C1C38449D9 /* Pods-Signup Sheetz-Signup SheetzUITests.release.xcconfig */,
				FB8EFED6C1487E4D14444513 /* Pods-Signup SheetzTests.debug.xcconfig */,
				0C375B85A0411A7368F8684B /* Pods-Signup SheetzTests.release.xcconfig */,
			);
			path = Pods;
			sourceTree = "<group>";
		};
/* End PBXGroup section */

/* Begin PBXNativeTarget section */
		C7CEC1842D4218A500EFECFB /* Signup Sheetz */ = {
			isa = PBXNativeTarget;
			buildConfigurationList = C7CEC1AF2D4218A700EFECFB /* Build configuration list for PBXNativeTarget "Signup Sheetz" */;
			buildPhases = (
				4CD140D2FF3B9213DC8208D5 /* [CP] Check Pods Manifest.lock */,
				C7CEC1812D4218A500EFECFB /* Sources */,
				C7CEC1822D4218A500EFECFB /* Frameworks */,
				C7CEC1832D4218A500EFECFB /* Resources */,
				19FD5C54059E602CB2B12263 /* [CP] Embed Pods Frameworks */,
			);
			buildRules = (
			);
			dependencies = (
			);
			name = "Signup Sheetz";
			productName = "Signup Sheetz";
			productReference = C7CEC1852D4218A500EFECFB /* Signup Sheetz.app */;
			productType = "com.apple.product-type.application";
		};
		C7CEC19A2D4218A700EFECFB /* Signup SheetzTests */ = {
			isa = PBXNativeTarget;
			buildConfigurationList = C7CEC1B22D4218A700EFECFB /* Build configuration list for PBXNativeTarget "Signup SheetzTests" */;
			buildPhases = (
				C7E32AFDA06A948C1BB00D9B /* [CP] Check Pods Manifest.lock */,
				C7CEC1972D4218A700EFECFB /* Sources */,
				C7CEC1982D4218A700EFECFB /* Frameworks */,
				C7CEC1992D4218A700EFECFB /* Resources */,
			);
			buildRules = (
			);
			dependencies = (
				C7CEC19D2D4218A700EFECFB /* PBXTargetDependency */,
			);
			name = "Signup SheetzTests";
			productName = "Signup SheetzTests";
			productReference = C7CEC19B2D4218A700EFECFB /* Signup SheetzTests.xctest */;
			productType = "com.apple.product-type.bundle.unit-test";
		};
		C7CEC1A42D4218A700EFECFB /* Signup SheetzUITests */ = {
			isa = PBXNativeTarget;
			buildConfigurationList = C7CEC1B52D4218A700EFECFB /* Build configuration list for PBXNativeTarget "Signup SheetzUITests" */;
			buildPhases = (
				3D452B0C25B1B44F9F6FBEA5 /* [CP] Check Pods Manifest.lock */,
				C7CEC1A12D4218A700EFECFB /* Sources */,
				C7CEC1A22D4218A700EFECFB /* Frameworks */,
				C7CEC1A32D4218A700EFECFB /* Resources */,
				CF8B39B5AE6165573D68884D /* [CP] Embed Pods Frameworks */,
			);
			buildRules = (
			);
			dependencies = (
				C7CEC1A72D4218A700EFECFB /* PBXTargetDependency */,
			);
			name = "Signup SheetzUITests";
			productName = "Signup SheetzUITests";
			productReference = C7CEC1A52D4218A700EFECFB /* Signup SheetzUITests.xctest */;
			productType = "com.apple.product-type.bundle.ui-testing";
		};
/* End PBXNativeTarget section */

/* Begin PBXProject section */
		C7CEC17D2D4218A500EFECFB /* Project object */ = {
			isa = PBXProject;
			attributes = {
				BuildIndependentTargetsInParallel = 1;
				LastSwiftUpdateCheck = 1540;
				LastUpgradeCheck = 1540;
				TargetAttributes = {
					C7CEC1842D4218A500EFECFB = {
						CreatedOnToolsVersion = 15.4;
					};
					C7CEC19A2D4218A700EFECFB = {
						CreatedOnToolsVersion = 15.4;
						TestTargetID = C7CEC1842D4218A500EFECFB;
					};
					C7CEC1A42D4218A700EFECFB = {
						CreatedOnToolsVersion = 15.4;
						TestTargetID = C7CEC1842D4218A500EFECFB;
					};
				};
			};
			buildConfigurationList = C7CEC1802D4218A500EFECFB /* Build configuration list for PBXProject "Signup Sheetz" */;
			compatibilityVersion = "Xcode 14.0";
			developmentRegion = en;
			hasScannedForEncodings = 0;
			knownRegions = (
				en,
				Base,
			);
			mainGroup = C7CEC17C2D4218A500EFECFB;
			packageReferences = (
				C7D74BC12D4BB276004FA82C /* XCRemoteSwiftPackageReference "ESTabBarController" */,
				C73BF0802D509E4200E08318 /* XCRemoteSwiftPackageReference "SideMenu" */,
			);
			productRefGroup = C7CEC1862D4218A500EFECFB /* Products */;
			projectDirPath = "";
			projectRoot = "";
			targets = (
				C7CEC1842D4218A500EFECFB /* Signup Sheetz */,
				C7CEC19A2D4218A700EFECFB /* Signup SheetzTests */,
				C7CEC1A42D4218A700EFECFB /* Signup SheetzUITests */,
			);
		};
/* End PBXProject section */

/* Begin PBXResourcesBuildPhase section */
		C7CEC1832D4218A500EFECFB /* Resources */ = {
			isa = PBXResourcesBuildPhase;
			buildActionMask = 2147483647;
			files = (
				C7CEC1922D4218A700EFECFB /* Assets.xcassets in Resources */,
				C7CEC1952D4218A700EFECFB /* Base in Resources */,
				C7CEC1902D4218A500EFECFB /* Base in Resources */,
				C7D756A92D475741008343A9 /* AirbnbCereal_W_Blk.otf in Resources */,
				C77091EB2D5DCB68002E9994 /* BackgroundView.xib in Resources */,
				C77092002D5E1631002E9994 /* LogoutTableViewCell.xib in Resources */,
				C71848182D548DBF008F530D /* CustomNavigationBar.xib in Resources */,
				C77091FC2D5E100D002E9994 /* ProfileDetailTableViewCell.xib in Resources */,
				C7D756AA2D475741008343A9 /* AirbnbCereal_W_Md.otf in Resources */,
				C7D756AB2D475741008343A9 /* AirbnbCereal_W_XBd.otf in Resources */,
				C7D756AC2D475741008343A9 /* AirbnbCereal_W_Lt.otf in Resources */,
				C73A36A02D475CFA00A622DA /* CustomTextFieldView.xib in Resources */,
				C75641712D50FB6900B560E2 /* MyEventTableViewCell.xib in Resources */,
				C7D756AD2D475741008343A9 /* AirbnbCereal_W_Bk.otf in Resources */,
				C73BF08D2D50D7B400E08318 /* CategoryCollectionViewCell.xib in Resources */,
				C7D756AE2D475741008343A9 /* AirbnbCereal_W_Bd.otf in Resources */,
			);
			runOnlyForDeploymentPostprocessing = 0;
		};
		C7CEC1992D4218A700EFECFB /* Resources */ = {
			isa = PBXResourcesBuildPhase;
			buildActionMask = 2147483647;
			files = (
			);
			runOnlyForDeploymentPostprocessing = 0;
		};
		C7CEC1A32D4218A700EFECFB /* Resources */ = {
			isa = PBXResourcesBuildPhase;
			buildActionMask = 2147483647;
			files = (
			);
			runOnlyForDeploymentPostprocessing = 0;
		};
/* End PBXResourcesBuildPhase section */

/* Begin PBXShellScriptBuildPhase section */
		19FD5C54059E602CB2B12263 /* [CP] Embed Pods Frameworks */ = {
			isa = PBXShellScriptBuildPhase;
			buildActionMask = 2147483647;
			files = (
			);
			inputFileListPaths = (
				"${PODS_ROOT}/Target Support Files/Pods-Signup Sheetz/Pods-Signup Sheetz-frameworks-${CONFIGURATION}-input-files.xcfilelist",
			);
			name = "[CP] Embed Pods Frameworks";
			outputFileListPaths = (
				"${PODS_ROOT}/Target Support Files/Pods-Signup Sheetz/Pods-Signup Sheetz-frameworks-${CONFIGURATION}-output-files.xcfilelist",
			);
			runOnlyForDeploymentPostprocessing = 0;
			shellPath = /bin/sh;
			shellScript = "\"${PODS_ROOT}/Target Support Files/Pods-Signup Sheetz/Pods-Signup Sheetz-frameworks.sh\"\n";
			showEnvVarsInLog = 0;
		};
		3D452B0C25B1B44F9F6FBEA5 /* [CP] Check Pods Manifest.lock */ = {
			isa = PBXShellScriptBuildPhase;
			buildActionMask = 2147483647;
			files = (
			);
			inputFileListPaths = (
			);
			inputPaths = (
				"${PODS_PODFILE_DIR_PATH}/Podfile.lock",
				"${PODS_ROOT}/Manifest.lock",
			);
			name = "[CP] Check Pods Manifest.lock";
			outputFileListPaths = (
			);
			outputPaths = (
				"$(DERIVED_FILE_DIR)/Pods-Signup Sheetz-Signup SheetzUITests-checkManifestLockResult.txt",
			);
			runOnlyForDeploymentPostprocessing = 0;
			shellPath = /bin/sh;
			shellScript = "diff \"${PODS_PODFILE_DIR_PATH}/Podfile.lock\" \"${PODS_ROOT}/Manifest.lock\" > /dev/null\nif [ $? != 0 ] ; then\n    # print error to STDERR\n    echo \"error: The sandbox is not in sync with the Podfile.lock. Run 'pod install' or update your CocoaPods installation.\" >&2\n    exit 1\nfi\n# This output is used by Xcode 'outputs' to avoid re-running this script phase.\necho \"SUCCESS\" > \"${SCRIPT_OUTPUT_FILE_0}\"\n";
			showEnvVarsInLog = 0;
		};
		4CD140D2FF3B9213DC8208D5 /* [CP] Check Pods Manifest.lock */ = {
			isa = PBXShellScriptBuildPhase;
			buildActionMask = 2147483647;
			files = (
			);
			inputFileListPaths = (
			);
			inputPaths = (
				"${PODS_PODFILE_DIR_PATH}/Podfile.lock",
				"${PODS_ROOT}/Manifest.lock",
			);
			name = "[CP] Check Pods Manifest.lock";
			outputFileListPaths = (
			);
			outputPaths = (
				"$(DERIVED_FILE_DIR)/Pods-Signup Sheetz-checkManifestLockResult.txt",
			);
			runOnlyForDeploymentPostprocessing = 0;
			shellPath = /bin/sh;
			shellScript = "diff \"${PODS_PODFILE_DIR_PATH}/Podfile.lock\" \"${PODS_ROOT}/Manifest.lock\" > /dev/null\nif [ $? != 0 ] ; then\n    # print error to STDERR\n    echo \"error: The sandbox is not in sync with the Podfile.lock. Run 'pod install' or update your CocoaPods installation.\" >&2\n    exit 1\nfi\n# This output is used by Xcode 'outputs' to avoid re-running this script phase.\necho \"SUCCESS\" > \"${SCRIPT_OUTPUT_FILE_0}\"\n";
			showEnvVarsInLog = 0;
		};
		C7E32AFDA06A948C1BB00D9B /* [CP] Check Pods Manifest.lock */ = {
			isa = PBXShellScriptBuildPhase;
			buildActionMask = 2147483647;
			files = (
			);
			inputFileListPaths = (
			);
			inputPaths = (
				"${PODS_PODFILE_DIR_PATH}/Podfile.lock",
				"${PODS_ROOT}/Manifest.lock",
			);
			name = "[CP] Check Pods Manifest.lock";
			outputFileListPaths = (
			);
			outputPaths = (
				"$(DERIVED_FILE_DIR)/Pods-Signup SheetzTests-checkManifestLockResult.txt",
			);
			runOnlyForDeploymentPostprocessing = 0;
			shellPath = /bin/sh;
			shellScript = "diff \"${PODS_PODFILE_DIR_PATH}/Podfile.lock\" \"${PODS_ROOT}/Manifest.lock\" > /dev/null\nif [ $? != 0 ] ; then\n    # print error to STDERR\n    echo \"error: The sandbox is not in sync with the Podfile.lock. Run 'pod install' or update your CocoaPods installation.\" >&2\n    exit 1\nfi\n# This output is used by Xcode 'outputs' to avoid re-running this script phase.\necho \"SUCCESS\" > \"${SCRIPT_OUTPUT_FILE_0}\"\n";
			showEnvVarsInLog = 0;
		};
		CF8B39B5AE6165573D68884D /* [CP] Embed Pods Frameworks */ = {
			isa = PBXShellScriptBuildPhase;
			buildActionMask = 2147483647;
			files = (
			);
			inputFileListPaths = (
				"${PODS_ROOT}/Target Support Files/Pods-Signup Sheetz-Signup SheetzUITests/Pods-Signup Sheetz-Signup SheetzUITests-frameworks-${CONFIGURATION}-input-files.xcfilelist",
			);
			name = "[CP] Embed Pods Frameworks";
			outputFileListPaths = (
				"${PODS_ROOT}/Target Support Files/Pods-Signup Sheetz-Signup SheetzUITests/Pods-Signup Sheetz-Signup SheetzUITests-frameworks-${CONFIGURATION}-output-files.xcfilelist",
			);
			runOnlyForDeploymentPostprocessing = 0;
			shellPath = /bin/sh;
			shellScript = "\"${PODS_ROOT}/Target Support Files/Pods-Signup Sheetz-Signup SheetzUITests/Pods-Signup Sheetz-Signup SheetzUITests-frameworks.sh\"\n";
			showEnvVarsInLog = 0;
		};
/* End PBXShellScriptBuildPhase section */

/* Begin PBXSourcesBuildPhase section */
		C7CEC1812D4218A500EFECFB /* Sources */ = {
			isa = PBXSourcesBuildPhase;
			buildActionMask = 2147483647;
			files = (
				C7AEDB602D5F48870084059F /* EditProfileViewModel.swift in Sources */,
				C79E72F62D5CCA2100A59020 /* HomeModel.swift in Sources */,
				C79E72F42D5CCA1700A59020 /* HomeDataservice.swift in Sources */,
				C7D74BB62D4B3C96004FA82C /* LoginDataservice.swift in Sources */,
				C7CEC18D2D4218A500EFECFB /* LoginViewController.swift in Sources */,
				C77091DF2D5DBA86002E9994 /* UIImageViewExtension.swift in Sources */,
				C75979552D48A35000D015A4 /* RegisterViewController.swift in Sources */,
				C7F830052D4A3137008EB7D2 /* ValidationEnum.swift in Sources */,
				C73BF08E2D50D7B400E08318 /* CategoryCollectionViewCell.swift in Sources */,
				C77091FD2D5E100D002E9994 /* ProfileDetailTableViewCell.swift in Sources */,
				C7AEDB692D5F5A650084059F /* ChangePasswordModel.swift in Sources */,
				C77091F02D5DDBB8002E9994 /* EventDetailViewModel.swift in Sources */,
				C7D74BBC2D4B46B3004FA82C /* Keys.swift in Sources */,
				C73BF0872D50C54900E08318 /* UIColorExtension.swift in Sources */,
				C77091EA2D5DCB68002E9994 /* BackgroundView.swift in Sources */,
				C709A11F2D5B7E0E00B04AB8 /* ResetPasswordViewController.swift in Sources */,
				C77092012D5E1631002E9994 /* LogoutTableViewCell.swift in Sources */,
				C7F8300B2D4A3852008EB7D2 /* Protocols.swift in Sources */,
				C709A10D2D5B531800B04AB8 /* ForgotPasswordViewController.swift in Sources */,
				C764D0512D4CFE110085A3F8 /* ProfileViewController.swift in Sources */,
				C709A11B2D5B7DEA00B04AB8 /* ResetPasswordDataservice.swift in Sources */,
				C709A1112D5B7D9E00B04AB8 /* VerifyOTPDataservice.swift in Sources */,
				C75641702D50FB6900B560E2 /* MyEventTableViewCell.swift in Sources */,
				C73A36A52D4769D800A622DA /* UIImage.swift in Sources */,
				C7F830072D4A3172008EB7D2 /* StringExtension.swift in Sources */,
				C709A1192D5B7DE100B04AB8 /* ResetPasswordViewModel.swift in Sources */,
				C7CEC1C02D421A0E00EFECFB /* NetworkingManager.swift in Sources */,
				C77091F22D5DDBCF002E9994 /* EventDetailDataservice.swift in Sources */,
				C764D04B2D4CDFE00085A3F8 /* ExampleBouncesContentView.swift in Sources */,
				C77091F62D5E0B11002E9994 /* ProfileViewModel.swift in Sources */,
				C77091EE2D5DDBAE002E9994 /* EventDetailModel.swift in Sources */,
				C73BF0852D50A71D00E08318 /* MenuViewController.swift in Sources */,
				C709A1072D5B52B000B04AB8 /* ForgotPasswordViewModel.swift in Sources */,
				C77091F42D5DDBDA002E9994 /* EventDetailViewController.swift in Sources */,
				C7CEC1C52D421B4100EFECFB /* LocalTexts.swift in Sources */,
				C7D74BC02D4B4C5C004FA82C /* ViewControllerExtension.swift in Sources */,
				C709A1172D5B7DD500B04AB8 /* ResetPasswordModel.swift in Sources */,
				C764D04F2D4CFE010085A3F8 /* MyEventViewController.swift in Sources */,
				C709A1092D5B52BB00B04AB8 /* ForgotPasswordModel.swift in Sources */,
				C764D0492D4CDEE10085A3F8 /* ExampleBasicContentView.swift in Sources */,
				C7D74BCC2D4BB3E6004FA82C /* MyInvitationsViewController.swift in Sources */,
				C7D74BC92D4BB38F004FA82C /* HomeViewController.swift in Sources */,
				C7D74BB42D4B3C6D004FA82C /* LoginViewModel.swift in Sources */,
				C7D74BC62D4BB33E004FA82C /* CustomTabBarController.swift in Sources */,
				C73A369E2D475CC300A622DA /* CustomTextFieldView.swift in Sources */,
				C7AEDB642D5F48CB0084059F /* EditProfileViewController.swift in Sources */,
				C7AEDB672D5F56040084059F /* ChangePasswordViewController.swift in Sources */,
				C73A36A22D47665700A622DA /* FontManager.swift in Sources */,
				C7CEC1C12D421A0E00EFECFB /* EndPoint.swift in Sources */,
				C79E72F22D5CCA0E00A59020 /* HomeViewModel.swift in Sources */,
				C709A1152D5B7DAE00B04AB8 /* VerifyOTPViewModel.swift in Sources */,
				C77092032D5E1792002E9994 /* ProfileDataservice.swift in Sources */,
				C709A11D2D5B7E0100B04AB8 /* VerifyOTPViewController.swift in Sources */,
				C7A58E982D4A15FD0008511C /* RegisterViewModel.swift in Sources */,
				C7AEDB6D2D5F5A780084059F /* ChangePasswordDataservice.swift in Sources */,
				C7D74BB22D4B3C4D004FA82C /* LoginModel.swift in Sources */,
				C7AEDB5E2D5F487D0084059F /* EditProfileModel.swift in Sources */,
				C7A58E962D4A15ED0008511C /* RegisterModel.swift in Sources */,
				C7CEC1892D4218A500EFECFB /* AppDelegate.swift in Sources */,
				C7AEDB6B2D5F5A6F0084059F /* ChangePasswordViewModel.swift in Sources */,
				C764D0472D4CDE9A0085A3F8 /* ExampleIrregularityContentView.swift in Sources */,
				C7AEDB622D5F48930084059F /* EditProfileDataservice.swift in Sources */,
				C7CEC18B2D4218A500EFECFB /* SceneDelegate.swift in Sources */,
				C709A10B2D5B52CB00B04AB8 /* ForgotPasswordDataservice.swift in Sources */,
				C7D74BB82D4B45FE004FA82C /* UserDefaultsHelper.swift in Sources */,
				C764D0542D4CFE450085A3F8 /* CreateEventViewController.swift in Sources */,
				C71848192D548DBF008F530D /* CustomNavigationBar.swift in Sources */,
				C709A1132D5B7DA600B04AB8 /* VerifyOTPModel.swift in Sources */,
				C7F830032D4A2B71008EB7D2 /* RegisterDataservice.swift in Sources */,
				C7CEC1C32D421A7A00EFECFB /* Constants.swift in Sources */,
				C77091F82D5E0E0B002E9994 /* ProfileModel.swift in Sources */,
				C7F830092D4A33C8008EB7D2 /* Spinner.swift in Sources */,
			);
			runOnlyForDeploymentPostprocessing = 0;
		};
		C7CEC1972D4218A700EFECFB /* Sources */ = {
			isa = PBXSourcesBuildPhase;
			buildActionMask = 2147483647;
			files = (
				C7CEC1A02D4218A700EFECFB /* Signup_SheetzTests.swift in Sources */,
			);
			runOnlyForDeploymentPostprocessing = 0;
		};
		C7CEC1A12D4218A700EFECFB /* Sources */ = {
			isa = PBXSourcesBuildPhase;
			buildActionMask = 2147483647;
			files = (
				C7CEC1AA2D4218A700EFECFB /* Signup_SheetzUITests.swift in Sources */,
				C7CEC1AC2D4218A700EFECFB /* Signup_SheetzUITestsLaunchTests.swift in Sources */,
			);
			runOnlyForDeploymentPostprocessing = 0;
		};
/* End PBXSourcesBuildPhase section */

/* Begin PBXTargetDependency section */
		C7CEC19D2D4218A700EFECFB /* PBXTargetDependency */ = {
			isa = PBXTargetDependency;
			target = C7CEC1842D4218A500EFECFB /* Signup Sheetz */;
			targetProxy = C7CEC19C2D4218A700EFECFB /* PBXContainerItemProxy */;
		};
		C7CEC1A72D4218A700EFECFB /* PBXTargetDependency */ = {
			isa = PBXTargetDependency;
			target = C7CEC1842D4218A500EFECFB /* Signup Sheetz */;
			targetProxy = C7CEC1A62D4218A700EFECFB /* PBXContainerItemProxy */;
		};
/* End PBXTargetDependency section */

/* Begin PBXVariantGroup section */
		C7CEC18E2D4218A500EFECFB /* Main.storyboard */ = {
			isa = PBXVariantGroup;
			children = (
				C7CEC18F2D4218A500EFECFB /* Base */,
			);
			name = Main.storyboard;
			sourceTree = "<group>";
		};
		C7CEC1932D4218A700EFECFB /* LaunchScreen.storyboard */ = {
			isa = PBXVariantGroup;
			children = (
				C7CEC1942D4218A700EFECFB /* Base */,
			);
			name = LaunchScreen.storyboard;
			sourceTree = "<group>";
		};
/* End PBXVariantGroup section */

/* Begin XCBuildConfiguration section */
		C7CEC1AD2D4218A700EFECFB /* Debug */ = {
			isa = XCBuildConfiguration;
			buildSettings = {
				ALWAYS_SEARCH_USER_PATHS = NO;
				ASSETCATALOG_COMPILER_GENERATE_SWIFT_ASSET_SYMBOL_EXTENSIONS = YES;
				CLANG_ANALYZER_NONNULL = YES;
				CLANG_ANALYZER_NUMBER_OBJECT_CONVERSION = YES_AGGRESSIVE;
				CLANG_CXX_LANGUAGE_STANDARD = "gnu++20";
				CLANG_ENABLE_MODULES = YES;
				CLANG_ENABLE_OBJC_ARC = YES;
				CLANG_ENABLE_OBJC_WEAK = YES;
				CLANG_WARN_BLOCK_CAPTURE_AUTORELEASING = YES;
				CLANG_WARN_BOOL_CONVERSION = YES;
				CLANG_WARN_COMMA = YES;
				CLANG_WARN_CONSTANT_CONVERSION = YES;
				CLANG_WARN_DEPRECATED_OBJC_IMPLEMENTATIONS = YES;
				CLANG_WARN_DIRECT_OBJC_ISA_USAGE = YES_ERROR;
				CLANG_WARN_DOCUMENTATION_COMMENTS = YES;
				CLANG_WARN_EMPTY_BODY = YES;
				CLANG_WARN_ENUM_CONVERSION = YES;
				CLANG_WARN_INFINITE_RECURSION = YES;
				CLANG_WARN_INT_CONVERSION = YES;
				CLANG_WARN_NON_LITERAL_NULL_CONVERSION = YES;
				CLANG_WARN_OBJC_IMPLICIT_RETAIN_SELF = YES;
				CLANG_WARN_OBJC_LITERAL_CONVERSION = YES;
				CLANG_WARN_OBJC_ROOT_CLASS = YES_ERROR;
				CLANG_WARN_QUOTED_INCLUDE_IN_FRAMEWORK_HEADER = YES;
				CLANG_WARN_RANGE_LOOP_ANALYSIS = YES;
				CLANG_WARN_STRICT_PROTOTYPES = YES;
				CLANG_WARN_SUSPICIOUS_MOVE = YES;
				CLANG_WARN_UNGUARDED_AVAILABILITY = YES_AGGRESSIVE;
				CLANG_WARN_UNREACHABLE_CODE = YES;
				CLANG_WARN__DUPLICATE_METHOD_MATCH = YES;
				COPY_PHASE_STRIP = NO;
				DEBUG_INFORMATION_FORMAT = dwarf;
				ENABLE_STRICT_OBJC_MSGSEND = YES;
				ENABLE_TESTABILITY = YES;
				ENABLE_USER_SCRIPT_SANDBOXING = YES;
				GCC_C_LANGUAGE_STANDARD = gnu17;
				GCC_DYNAMIC_NO_PIC = NO;
				GCC_NO_COMMON_BLOCKS = YES;
				GCC_OPTIMIZATION_LEVEL = 0;
				GCC_PREPROCESSOR_DEFINITIONS = (
					"DEBUG=1",
					"$(inherited)",
				);
				GCC_WARN_64_TO_32_BIT_CONVERSION = YES;
				GCC_WARN_ABOUT_RETURN_TYPE = YES_ERROR;
				GCC_WARN_UNDECLARED_SELECTOR = YES;
				GCC_WARN_UNINITIALIZED_AUTOS = YES_AGGRESSIVE;
				GCC_WARN_UNUSED_FUNCTION = YES;
				GCC_WARN_UNUSED_VARIABLE = YES;
				IPHONEOS_DEPLOYMENT_TARGET = 17.5;
				LOCALIZATION_PREFERS_STRING_CATALOGS = YES;
				MTL_ENABLE_DEBUG_INFO = INCLUDE_SOURCE;
				MTL_FAST_MATH = YES;
				ONLY_ACTIVE_ARCH = YES;
				SDKROOT = iphoneos;
				SWIFT_ACTIVE_COMPILATION_CONDITIONS = "DEBUG $(inherited)";
				SWIFT_OPTIMIZATION_LEVEL = "-Onone";
			};
			name = Debug;
		};
		C7CEC1AE2D4218A700EFECFB /* Release */ = {
			isa = XCBuildConfiguration;
			buildSettings = {
				ALWAYS_SEARCH_USER_PATHS = NO;
				ASSETCATALOG_COMPILER_GENERATE_SWIFT_ASSET_SYMBOL_EXTENSIONS = YES;
				CLANG_ANALYZER_NONNULL = YES;
				CLANG_ANALYZER_NUMBER_OBJECT_CONVERSION = YES_AGGRESSIVE;
				CLANG_CXX_LANGUAGE_STANDARD = "gnu++20";
				CLANG_ENABLE_MODULES = YES;
				CLANG_ENABLE_OBJC_ARC = YES;
				CLANG_ENABLE_OBJC_WEAK = YES;
				CLANG_WARN_BLOCK_CAPTURE_AUTORELEASING = YES;
				CLANG_WARN_BOOL_CONVERSION = YES;
				CLANG_WARN_COMMA = YES;
				CLANG_WARN_CONSTANT_CONVERSION = YES;
				CLANG_WARN_DEPRECATED_OBJC_IMPLEMENTATIONS = YES;
				CLANG_WARN_DIRECT_OBJC_ISA_USAGE = YES_ERROR;
				CLANG_WARN_DOCUMENTATION_COMMENTS = YES;
				CLANG_WARN_EMPTY_BODY = YES;
				CLANG_WARN_ENUM_CONVERSION = YES;
				CLANG_WARN_INFINITE_RECURSION = YES;
				CLANG_WARN_INT_CONVERSION = YES;
				CLANG_WARN_NON_LITERAL_NULL_CONVERSION = YES;
				CLANG_WARN_OBJC_IMPLICIT_RETAIN_SELF = YES;
				CLANG_WARN_OBJC_LITERAL_CONVERSION = YES;
				CLANG_WARN_OBJC_ROOT_CLASS = YES_ERROR;
				CLANG_WARN_QUOTED_INCLUDE_IN_FRAMEWORK_HEADER = YES;
				CLANG_WARN_RANGE_LOOP_ANALYSIS = YES;
				CLANG_WARN_STRICT_PROTOTYPES = YES;
				CLANG_WARN_SUSPICIOUS_MOVE = YES;
				CLANG_WARN_UNGUARDED_AVAILABILITY = YES_AGGRESSIVE;
				CLANG_WARN_UNREACHABLE_CODE = YES;
				CLANG_WARN__DUPLICATE_METHOD_MATCH = YES;
				COPY_PHASE_STRIP = NO;
				DEBUG_INFORMATION_FORMAT = "dwarf-with-dsym";
				ENABLE_NS_ASSERTIONS = NO;
				ENABLE_STRICT_OBJC_MSGSEND = YES;
				ENABLE_USER_SCRIPT_SANDBOXING = YES;
				GCC_C_LANGUAGE_STANDARD = gnu17;
				GCC_NO_COMMON_BLOCKS = YES;
				GCC_WARN_64_TO_32_BIT_CONVERSION = YES;
				GCC_WARN_ABOUT_RETURN_TYPE = YES_ERROR;
				GCC_WARN_UNDECLARED_SELECTOR = YES;
				GCC_WARN_UNINITIALIZED_AUTOS = YES_AGGRESSIVE;
				GCC_WARN_UNUSED_FUNCTION = YES;
				GCC_WARN_UNUSED_VARIABLE = YES;
				IPHONEOS_DEPLOYMENT_TARGET = 17.5;
				LOCALIZATION_PREFERS_STRING_CATALOGS = YES;
				MTL_ENABLE_DEBUG_INFO = NO;
				MTL_FAST_MATH = YES;
				SDKROOT = iphoneos;
				SWIFT_COMPILATION_MODE = wholemodule;
				VALIDATE_PRODUCT = YES;
			};
			name = Release;
		};
		C7CEC1B02D4218A700EFECFB /* Debug */ = {
			isa = XCBuildConfiguration;
			baseConfigurationReference = FBF1BF41E97F8D187127F91B /* Pods-Signup Sheetz.debug.xcconfig */;
			buildSettings = {
				ASSETCATALOG_COMPILER_APPICON_NAME = AppIcon;
				ASSETCATALOG_COMPILER_GLOBAL_ACCENT_COLOR_NAME = AccentColor;
				CODE_SIGN_IDENTITY = "Apple Development";
				CODE_SIGN_STYLE = Automatic;
				CURRENT_PROJECT_VERSION = 1;
				DEVELOPMENT_TEAM = 7V4LPBKWS9;
				ENABLE_USER_SCRIPT_SANDBOXING = NO;
				GENERATE_INFOPLIST_FILE = YES;
				INFOPLIST_FILE = "Signup Sheetz/Info.plist";
				INFOPLIST_KEY_UIApplicationSupportsIndirectInputEvents = YES;
				INFOPLIST_KEY_UILaunchStoryboardName = LaunchScreen;
				INFOPLIST_KEY_UIMainStoryboardFile = Main;
				INFOPLIST_KEY_UISupportedInterfaceOrientations = UIInterfaceOrientationPortrait;
				IPHONEOS_DEPLOYMENT_TARGET = 15.6;
				LD_RUNPATH_SEARCH_PATHS = (
					"$(inherited)",
					"@executable_path/Frameworks",
				);
				MARKETING_VERSION = 1.0;
				PRODUCT_BUNDLE_IDENTIFIER = com.dk.halalguide.app;
				PRODUCT_NAME = "$(TARGET_NAME)";
				PROVISIONING_PROFILE_SPECIFIER = "";
				SWIFT_EMIT_LOC_STRINGS = YES;
				SWIFT_VERSION = 5.0;
				TARGETED_DEVICE_FAMILY = "1,2";
			};
			name = Debug;
		};
		C7CEC1B12D4218A700EFECFB /* Release */ = {
			isa = XCBuildConfiguration;
			baseConfigurationReference = 7FC9770539F809ECA7ABB7C5 /* Pods-Signup Sheetz.release.xcconfig */;
			buildSettings = {
				ASSETCATALOG_COMPILER_APPICON_NAME = AppIcon;
				ASSETCATALOG_COMPILER_GLOBAL_ACCENT_COLOR_NAME = AccentColor;
				CODE_SIGN_IDENTITY = "Apple Development";
				CODE_SIGN_STYLE = Automatic;
				CURRENT_PROJECT_VERSION = 1;
				DEVELOPMENT_TEAM = 7V4LPBKWS9;
				ENABLE_USER_SCRIPT_SANDBOXING = NO;
				GENERATE_INFOPLIST_FILE = YES;
				INFOPLIST_FILE = "Signup Sheetz/Info.plist";
				INFOPLIST_KEY_UIApplicationSupportsIndirectInputEvents = YES;
				INFOPLIST_KEY_UILaunchStoryboardName = LaunchScreen;
				INFOPLIST_KEY_UIMainStoryboardFile = Main;
				INFOPLIST_KEY_UISupportedInterfaceOrientations = UIInterfaceOrientationPortrait;
				IPHONEOS_DEPLOYMENT_TARGET = 15.6;
				LD_RUNPATH_SEARCH_PATHS = (
					"$(inherited)",
					"@executable_path/Frameworks",
				);
				MARKETING_VERSION = 1.0;
				PRODUCT_BUNDLE_IDENTIFIER = com.dk.halalguide.app;
				PRODUCT_NAME = "$(TARGET_NAME)";
				PROVISIONING_PROFILE_SPECIFIER = "";
				SWIFT_EMIT_LOC_STRINGS = YES;
				SWIFT_VERSION = 5.0;
				TARGETED_DEVICE_FAMILY = "1,2";
			};
			name = Release;
		};
		C7CEC1B32D4218A700EFECFB /* Debug */ = {
			isa = XCBuildConfiguration;
			baseConfigurationReference = FB8EFED6C1487E4D14444513 /* Pods-Signup SheetzTests.debug.xcconfig */;
			buildSettings = {
				ALWAYS_EMBED_SWIFT_STANDARD_LIBRARIES = YES;
				BUNDLE_LOADER = "$(TEST_HOST)";
				CODE_SIGN_STYLE = Automatic;
				CURRENT_PROJECT_VERSION = 1;
				DEVELOPMENT_TEAM = RVH9399KJ5;
				GENERATE_INFOPLIST_FILE = YES;
				IPHONEOS_DEPLOYMENT_TARGET = 17.5;
				MARKETING_VERSION = 1.0;
				PRODUCT_BUNDLE_IDENTIFIER = "com.signupsheetz.Signup-SheetzTests";
				PRODUCT_NAME = "$(TARGET_NAME)";
				SWIFT_EMIT_LOC_STRINGS = NO;
				SWIFT_VERSION = 5.0;
				TARGETED_DEVICE_FAMILY = "1,2";
				TEST_HOST = "$(BUILT_PRODUCTS_DIR)/Signup Sheetz.app/$(BUNDLE_EXECUTABLE_FOLDER_PATH)/Signup Sheetz";
			};
			name = Debug;
		};
		C7CEC1B42D4218A700EFECFB /* Release */ = {
			isa = XCBuildConfiguration;
			baseConfigurationReference = 0C375B85A0411A7368F8684B /* Pods-Signup SheetzTests.release.xcconfig */;
			buildSettings = {
				ALWAYS_EMBED_SWIFT_STANDARD_LIBRARIES = YES;
				BUNDLE_LOADER = "$(TEST_HOST)";
				CODE_SIGN_STYLE = Automatic;
				CURRENT_PROJECT_VERSION = 1;
				DEVELOPMENT_TEAM = RVH9399KJ5;
				GENERATE_INFOPLIST_FILE = YES;
				IPHONEOS_DEPLOYMENT_TARGET = 17.5;
				MARKETING_VERSION = 1.0;
				PRODUCT_BUNDLE_IDENTIFIER = "com.signupsheetz.Signup-SheetzTests";
				PRODUCT_NAME = "$(TARGET_NAME)";
				SWIFT_EMIT_LOC_STRINGS = NO;
				SWIFT_VERSION = 5.0;
				TARGETED_DEVICE_FAMILY = "1,2";
				TEST_HOST = "$(BUILT_PRODUCTS_DIR)/Signup Sheetz.app/$(BUNDLE_EXECUTABLE_FOLDER_PATH)/Signup Sheetz";
			};
			name = Release;
		};
		C7CEC1B62D4218A700EFECFB /* Debug */ = {
			isa = XCBuildConfiguration;
			baseConfigurationReference = 62ADEB907B455CDEC89B1289 /* Pods-Signup Sheetz-Signup SheetzUITests.debug.xcconfig */;
			buildSettings = {
				ALWAYS_EMBED_SWIFT_STANDARD_LIBRARIES = YES;
				CODE_SIGN_STYLE = Automatic;
				CURRENT_PROJECT_VERSION = 1;
				DEVELOPMENT_TEAM = RVH9399KJ5;
				GENERATE_INFOPLIST_FILE = YES;
				MARKETING_VERSION = 1.0;
				PRODUCT_BUNDLE_IDENTIFIER = "com.signupsheetz.Signup-SheetzUITests";
				PRODUCT_NAME = "$(TARGET_NAME)";
				SWIFT_EMIT_LOC_STRINGS = NO;
				SWIFT_VERSION = 5.0;
				TARGETED_DEVICE_FAMILY = "1,2";
				TEST_TARGET_NAME = "Signup Sheetz";
			};
			name = Debug;
		};
		C7CEC1B72D4218A700EFECFB /* Release */ = {
			isa = XCBuildConfiguration;
			baseConfigurationReference = 7E1795AA610E83C1C38449D9 /* Pods-Signup Sheetz-Signup SheetzUITests.release.xcconfig */;
			buildSettings = {
				ALWAYS_EMBED_SWIFT_STANDARD_LIBRARIES = YES;
				CODE_SIGN_STYLE = Automatic;
				CURRENT_PROJECT_VERSION = 1;
				DEVELOPMENT_TEAM = RVH9399KJ5;
				GENERATE_INFOPLIST_FILE = YES;
				MARKETING_VERSION = 1.0;
				PRODUCT_BUNDLE_IDENTIFIER = "com.signupsheetz.Signup-SheetzUITests";
				PRODUCT_NAME = "$(TARGET_NAME)";
				SWIFT_EMIT_LOC_STRINGS = NO;
				SWIFT_VERSION = 5.0;
				TARGETED_DEVICE_FAMILY = "1,2";
				TEST_TARGET_NAME = "Signup Sheetz";
			};
			name = Release;
		};
/* End XCBuildConfiguration section */

/* Begin XCConfigurationList section */
		C7CEC1802D4218A500EFECFB /* Build configuration list for PBXProject "Signup Sheetz" */ = {
			isa = XCConfigurationList;
			buildConfigurations = (
				C7CEC1AD2D4218A700EFECFB /* Debug */,
				C7CEC1AE2D4218A700EFECFB /* Release */,
			);
			defaultConfigurationIsVisible = 0;
			defaultConfigurationName = Release;
		};
		C7CEC1AF2D4218A700EFECFB /* Build configuration list for PBXNativeTarget "Signup Sheetz" */ = {
			isa = XCConfigurationList;
			buildConfigurations = (
				C7CEC1B02D4218A700EFECFB /* Debug */,
				C7CEC1B12D4218A700EFECFB /* Release */,
			);
			defaultConfigurationIsVisible = 0;
			defaultConfigurationName = Release;
		};
		C7CEC1B22D4218A700EFECFB /* Build configuration list for PBXNativeTarget "Signup SheetzTests" */ = {
			isa = XCConfigurationList;
			buildConfigurations = (
				C7CEC1B32D4218A700EFECFB /* Debug */,
				C7CEC1B42D4218A700EFECFB /* Release */,
			);
			defaultConfigurationIsVisible = 0;
			defaultConfigurationName = Release;
		};
		C7CEC1B52D4218A700EFECFB /* Build configuration list for PBXNativeTarget "Signup SheetzUITests" */ = {
			isa = XCConfigurationList;
			buildConfigurations = (
				C7CEC1B62D4218A700EFECFB /* Debug */,
				C7CEC1B72D4218A700EFECFB /* Release */,
			);
			defaultConfigurationIsVisible = 0;
			defaultConfigurationName = Release;
		};
/* End XCConfigurationList section */

/* Begin XCRemoteSwiftPackageReference section */
		C73BF0802D509E4200E08318 /* XCRemoteSwiftPackageReference "SideMenu" */ = {
			isa = XCRemoteSwiftPackageReference;
			repositoryURL = "https://github.com/jonkykong/SideMenu.git";
			requirement = {
				kind = upToNextMajorVersion;
				minimumVersion = 6.5.0;
			};
		};
		C7D74BC12D4BB276004FA82C /* XCRemoteSwiftPackageReference "ESTabBarController" */ = {
			isa = XCRemoteSwiftPackageReference;
			repositoryURL = "https://github.com/eggswift/ESTabBarController";
			requirement = {
				kind = upToNextMajorVersion;
				minimumVersion = 2.9.0;
			};
		};
/* End XCRemoteSwiftPackageReference section */

/* Begin XCSwiftPackageProductDependency section */
		C73BF0812D509E4200E08318 /* SideMenu */ = {
			isa = XCSwiftPackageProductDependency;
			package = C73BF0802D509E4200E08318 /* XCRemoteSwiftPackageReference "SideMenu" */;
			productName = SideMenu;
		};
		C7D74BC22D4BB276004FA82C /* ESTabBarController */ = {
			isa = XCSwiftPackageProductDependency;
			package = C7D74BC12D4BB276004FA82C /* XCRemoteSwiftPackageReference "ESTabBarController" */;
			productName = ESTabBarController;
		};
/* End XCSwiftPackageProductDependency section */
	};
	rootObject = C7CEC17D2D4218A500EFECFB /* Project object */;
}
